
Microsoft Visual Studio Solution File, Format Version 12.00
# Visual Studio Version 18
VisualStudioVersion = 18.0.11018.127
MinimumVisualStudioVersion = 10.0.40219.1
Project("{2150E333-8FDC-42A3-9474-1A3956D46DE8}") = "Solution Items", "Solution Items", "{02EA681E-C7D8-13C7-8484-4AC65E1B71E8}"
	ProjectSection(SolutionItems) = preProject
		DEVELOPMENT_GUIDE.md = DEVELOPMENT_GUIDE.md
		global.json = global.json
		README.md = README.md
	EndProjectSection
EndProject
Project("{2150E333-8FDC-42A3-9474-1A3956D46DE8}") = "src", "src", "{4C6CD20C-2EAA-471A-84E2-B7428F2AF085}"
EndProject
Project("{2150E333-8FDC-42A3-9474-1A3956D46DE8}") = "ApiGateways", "ApiGateways", "{BFD79364-BDBB-4FD9-8246-25DFAF832F0D}"
EndProject
Project("{2150E333-8FDC-42A3-9474-1A3956D46DE8}") = "tests", "tests", "{5660E694-42A6-48C4-AC4D-A0A59C6907CE}"
EndProject
Project("{2150E333-8FDC-42A3-9474-1A3956D46DE8}") = "BuildingBlocks", "BuildingBlocks", "{52735DA7-7DBC-41DF-A4AC-74BAE90CB6E7}"
EndProject
Project("{2150E333-8FDC-42A3-9474-1A3956D46DE8}") = "Services", "Services", "{6F34EE3C-5591-4EE4-9A2D-8A7E4E31745E}"
EndProject
Project("{FAE04EC0-301F-11D3-BF4B-00C04F79EFBC}") = "Common.Logging", "src\BuildingBlocks\Common.Logging\Common.Logging.csproj", "{C387315B-8810-4304-8012-E7DF71234258}"
EndProject
Project("{2150E333-8FDC-42A3-9474-1A3956D46DE8}") = "ScheduleJob", "ScheduleJob", "{2E855892-84AB-4AC9-ADF1-935D506314B3}"
EndProject
Project("{FAE04EC0-301F-11D3-BF4B-00C04F79EFBC}") = "Hangfire.API", "src\Services\Hangfire.API\Hangfire.API.csproj", "{CA6D0A22-288D-4B6E-89EB-97FC4302076E}"
EndProject
Project("{FAE04EC0-301F-11D3-BF4B-00C04F79EFBC}") = "Contracts", "src\BuildingBlocks\Contracts\Contracts.csproj", "{BDBF7E8A-6F71-4FE8-A195-12139ABA5102}"
EndProject
Project("{FAE04EC0-301F-11D3-BF4B-00C04F79EFBC}") = "EventBus.Messages", "src\BuildingBlocks\EventBus.Messages\EventBus.Messages.csproj", "{E7E175FF-43A3-468A-B3AD-E80749EBEF2C}"
EndProject
Project("{FAE04EC0-301F-11D3-BF4B-00C04F79EFBC}") = "Infrastructure", "src\BuildingBlocks\Infrastructure\Infrastructure.csproj", "{B12AEDAC-9B0E-4243-ADE8-56E8FAAB58E0}"
EndProject
Project("{FAE04EC0-301F-11D3-BF4B-00C04F79EFBC}") = "Shared", "src\BuildingBlocks\Shared\Shared.csproj", "{CB52160D-4818-4C25-8D68-9C17D7B86534}"
EndProject
Project("{2150E333-8FDC-42A3-9474-1A3956D46DE8}") = "Aspire", "Aspire", "{D515712E-D62D-4E03-BC58-B0B688D40C49}"
EndProject
Project("{FAE04EC0-301F-11D3-BF4B-00C04F79EFBC}") = "STEMify-Backend.AppHost", "src\Services\STEMify-Backend\STEMify-Backend.AppHost\STEMify-Backend.AppHost.csproj", "{2ADA7FCE-B47A-4C32-951C-2C6DC8AAD19E}"
EndProject
Project("{FAE04EC0-301F-11D3-BF4B-00C04F79EFBC}") = "STEMify-Backend.ServiceDefaults", "src\Services\STEMify-Backend\STEMify-Backend.ServiceDefaults\STEMify-Backend.ServiceDefaults.csproj", "{320175AA-B462-58CD-5087-30D6576D54E2}"
EndProject
Project("{2150E333-8FDC-42A3-9474-1A3956D46DE8}") = "Identity", "Identity", "{89114B11-2396-405A-BF76-CA373E08D353}"
EndProject
Project("{2150E333-8FDC-42A3-9474-1A3956D46DE8}") = "Saga.Orchestrator", "Saga.Orchestrator", "{A35384EB-9877-4589-99B9-D17AA0F30F2C}"
EndProject
Project("{FAE04EC0-301F-11D3-BF4B-00C04F79EFBC}") = "Saga.Orchestrator", "src\Saga.Orchestrator\Saga.Orchestrator\Saga.Orchestrator.csproj", "{DE96607D-7877-99ED-D0C7-E1F8F8BB10E0}"
EndProject
Project("{2150E333-8FDC-42A3-9474-1A3956D46DE8}") = "Resource", "Resource", "{5F349E9C-F998-4D4B-B4C0-2C3E5D6C97E4}"
EndProject
Project("{FAE04EC0-301F-11D3-BF4B-00C04F79EFBC}") = "Resource.Application", "src\Services\Resource\Resource.Application\Resource.Application.csproj", "{A3F586B8-E407-9F78-4DFD-4E32F2C87D27}"
EndProject
Project("{FAE04EC0-301F-11D3-BF4B-00C04F79EFBC}") = "Resource.Domain", "src\Services\Resource\Resource.Domain\Resource.Domain.csproj", "{85DF0620-62CB-9023-DB6A-5121A6A43C0D}"
EndProject
Project("{FAE04EC0-301F-11D3-BF4B-00C04F79EFBC}") = "Resource.Infrastructure", "src\Services\Resource\Resource.Infrastructure\Resource.Infrastructure.csproj", "{2616E9E1-0A64-4D84-6B6D-97DC0F03DA75}"
EndProject
Project("{FAE04EC0-301F-11D3-BF4B-00C04F79EFBC}") = "Resource.API", "src\Services\Resource\Resource.API\Resource.API.csproj", "{AE7AB52E-D6AD-F35E-2CF7-04AA5E3C9B12}"
EndProject
Project("{FAE04EC0-301F-11D3-BF4B-00C04F79EFBC}") = "Identity.Application", "src\Services\Identity\Identity.Application\Identity.Application.csproj", "{D87A68F1-F228-47BE-B5EC-1799C8F7494D}"
EndProject
Project("{FAE04EC0-301F-11D3-BF4B-00C04F79EFBC}") = "Identity.Domain", "src\Services\Identity\Identity.Domain\Identity.Domain.csproj", "{AFC24C4D-6B34-46B8-AD0D-94C35755B2C9}"
EndProject
Project("{FAE04EC0-301F-11D3-BF4B-00C04F79EFBC}") = "Identity.Web", "src\Services\Identity\Identity.Web\Identity.Web.csproj", "{C1E127B8-1B19-8155-6839-9D6722D0E57C}"
EndProject
Project("{2150E333-8FDC-42A3-9474-1A3956D46DE8}") = "Identity", "Identity", "{57C1DDD1-36B7-4CCC-813F-E7C3A207F7E9}"
EndProject
Project("{FAE04EC0-301F-11D3-BF4B-00C04F79EFBC}") = "Domain.UnitTests", "tests\Identity\Domain.UnitTests\Domain.UnitTests.csproj", "{ABA54A83-88DB-4F33-85A7-287E670C5719}"
EndProject
Project("{2150E333-8FDC-42A3-9474-1A3956D46DE8}") = "ClassroomService", "ClassroomService", "{E7A29B7E-FAB7-41F3-90BB-5A9AD1C8C065}"
EndProject
Project("{FAE04EC0-301F-11D3-BF4B-00C04F79EFBC}") = "Classroom.Domain", "src\Services\ClassroomService\Classroom.Domain\Classroom.Domain.csproj", "{849E346B-6175-4491-8D72-1EBAD22DEF98}"
EndProject
Project("{FAE04EC0-301F-11D3-BF4B-00C04F79EFBC}") = "Classroom.Infrastructure", "src\Services\ClassroomService\Classroom.Infrastructure\Classroom.Infrastructure.csproj", "{D59BF957-E992-452B-9766-1B9FA88995F6}"
EndProject
Project("{FAE04EC0-301F-11D3-BF4B-00C04F79EFBC}") = "Classroom.Application", "src\Services\ClassroomService\Classroom.Application\Classroom.Application.csproj", "{58980404-4C28-49D7-8C9A-4866D3D3E61D}"
EndProject
Project("{FAE04EC0-301F-11D3-BF4B-00C04F79EFBC}") = "Caching", "src\BuildingBlocks\Caching\Caching.csproj", "{901C5C9E-E925-8627-03E1-5FA8F1EC2C7F}"
EndProject
Project("{FAE04EC0-301F-11D3-BF4B-00C04F79EFBC}") = "Identity.API", "src\Services\Identity\Identity.API\Identity.API.csproj", "{2C90F36D-68FF-A8F5-B7B3-7BBC0CFE077E}"
EndProject
Project("{FAE04EC0-301F-11D3-BF4B-00C04F79EFBC}") = "Classroom.API", "src\Services\ClassroomService\Classroom.API\Classroom.API.csproj", "{5FCDC5A4-929C-784B-AC43-59F49AAE756E}"
EndProject
Project("{2150E333-8FDC-42A3-9474-1A3956D46DE8}") = "Notification", "Notification", "{85076267-0D32-4C73-8169-CB5EA1CCCAB1}"
EndProject
Project("{FAE04EC0-301F-11D3-BF4B-00C04F79EFBC}") = "Notification.Domain", "src\Services\Notification\Notification.Domain\Notification.Domain.csproj", "{6A18CE57-6776-4417-9197-43EACAB3154A}"
EndProject
Project("{FAE04EC0-301F-11D3-BF4B-00C04F79EFBC}") = "Notification.Infrastructure", "src\Services\Notification\Notification.Infrastructure\Notification.Infrastructure.csproj", "{22F1AEB7-F543-4518-A9C2-974731289783}"
EndProject
Project("{FAE04EC0-301F-11D3-BF4B-00C04F79EFBC}") = "Notification.Application", "src\Services\Notification\Notification.Application\Notification.Application.csproj", "{420C17D5-34CB-4D6D-99B6-C59699956252}"
EndProject
Project("{FAE04EC0-301F-11D3-BF4B-00C04F79EFBC}") = "Notification.API", "src\Services\Notification\Notification.API\Notification.API.csproj", "{7AC8279A-2D27-2B0A-4639-E8070E8CB2E3}"
EndProject
Project("{FAE04EC0-301F-11D3-BF4B-00C04F79EFBC}") = "ApiGateway", "src\ApiGateways\ApiGateway\ApiGateway.csproj", "{D2040D47-DFAA-36DD-11C4-6FE1DCD5E459}"
EndProject
Project("{2150E333-8FDC-42A3-9474-1A3956D46DE8}") = "ProductService", "ProductService", "{3115D11E-2BAD-4360-8561-BCC58CB2F0B4}"
EndProject
Project("{FAE04EC0-301F-11D3-BF4B-00C04F79EFBC}") = "Product.API", "src\Services\ProductService\Product.API\Product.API.csproj", "{A4093E37-A495-4B63-84B9-6B91F765E540}"
EndProject
Project("{FAE04EC0-301F-11D3-BF4B-00C04F79EFBC}") = "Product.Application", "src\Services\ProductService\Product.Application\Product.Application.csproj", "{A15740AF-B773-4439-B418-C9D2505D9BE3}"
EndProject
Project("{FAE04EC0-301F-11D3-BF4B-00C04F79EFBC}") = "Product.Infrastructure", "src\Services\ProductService\Product.Infrastructure\Product.Infrastructure.csproj", "{88BE6F27-CD31-4FBC-B321-3F9F0EC34465}"
EndProject
Project("{FAE04EC0-301F-11D3-BF4B-00C04F79EFBC}") = "Product.Domain", "src\Services\ProductService\Product.Domain\Product.Domain.csproj", "{7C58FD8B-E82B-4C10-90A5-385FBE3AB858}"
EndProject
Project("{2150E333-8FDC-42A3-9474-1A3956D46DE8}") = "OrderService", "OrderService", "{705E95BA-4AEA-4C1D-B24A-7FB6B467DD80}"
EndProject
Project("{FAE04EC0-301F-11D3-BF4B-00C04F79EFBC}") = "Order.API", "src\Services\OrderService\Order.API\Order.API.csproj", "{1DDA0B4B-2666-4023-A47E-E26317711FFB}"
EndProject
Project("{FAE04EC0-301F-11D3-BF4B-00C04F79EFBC}") = "Order.Application", "src\Services\OrderService\Order.Application\Order.Application.csproj", "{41AFF2C5-FB1E-4A8E-A448-0A7AC41A53E3}"
EndProject
Project("{FAE04EC0-301F-11D3-BF4B-00C04F79EFBC}") = "Order.Infrastructure", "src\Services\OrderService\Order.Infrastructure\Order.Infrastructure.csproj", "{A8C1F40F-0D29-40D8-B608-6AB602BA06C4}"
EndProject
Project("{FAE04EC0-301F-11D3-BF4B-00C04F79EFBC}") = "Order.Domain", "src\Services\OrderService\Order.Domain\Order.Domain.csproj", "{A15B1D0F-E114-4F0F-9DA8-CA4A0BB67B3F}"
EndProject
Project("{2150E333-8FDC-42A3-9474-1A3956D46DE8}") = "CartService", "CartService", "{A7DE2488-92AC-4D26-A532-5B39A252C7DC}"
EndProject
Project("{FAE04EC0-301F-11D3-BF4B-00C04F79EFBC}") = "Cart.Domain", "src\Services\CartService\Cart.Domain\Cart.Domain.csproj", "{AEE25A3C-8012-4B94-B191-9147CD97FEE7}"
EndProject
Project("{FAE04EC0-301F-11D3-BF4B-00C04F79EFBC}") = "Cart.Infrastructure", "src\Services\CartService\Cart.Infrastructure\Cart.Infrastructure.csproj", "{3B98BC2D-EC56-420C-AA1C-DF32C11D5011}"
EndProject
Project("{FAE04EC0-301F-11D3-BF4B-00C04F79EFBC}") = "Cart.Application", "src\Services\CartService\Cart.Application\Cart.Application.csproj", "{CCBFC811-A4BE-41CF-AD2B-8C7035684E14}"
EndProject
Project("{FAE04EC0-301F-11D3-BF4B-00C04F79EFBC}") = "Cart.API", "src\Services\CartService\Cart.API\Cart.API.csproj", "{F3653858-F43F-B792-96FE-AF7CF5CCE8C8}"
EndProject
Project("{2150E333-8FDC-42A3-9474-1A3956D46DE8}") = "PaymentService", "PaymentService", "{09CEDE70-A88B-18D0-A3BE-FBEDFC13B954}"
EndProject
Project("{FAE04EC0-301F-11D3-BF4B-00C04F79EFBC}") = "Payment.Domain", "src\Services\PaymentService\Payment.Domain\Payment.Domain.csproj", "{6397790F-B272-456A-821D-6ADBEB666729}"
EndProject
Project("{FAE04EC0-301F-11D3-BF4B-00C04F79EFBC}") = "Payment.Application", "src\Services\PaymentService\Payment.Application\Payment.Application.csproj", "{C95B7C64-740E-4592-A6CC-D447C4BA9C67}"
EndProject
Project("{FAE04EC0-301F-11D3-BF4B-00C04F79EFBC}") = "Payment.Infrastructure", "src\Services\PaymentService\Payment.Infrastructure\Payment.Infrastructure.csproj", "{F08A8200-2F5F-411D-B703-F39232CEB9F3}"
EndProject
Project("{FAE04EC0-301F-11D3-BF4B-00C04F79EFBC}") = "Payment.API", "src\Services\PaymentService\Payment.API\Payment.API.csproj", "{A6F1A63F-941F-4277-84D9-ADE7356F5293}"
EndProject
Project("{2150E333-8FDC-42A3-9474-1A3956D46DE8}") = "EmulatorService", "EmulatorService", "{097190E2-867B-4D6A-A398-65CC13023D94}"
EndProject
Project("{FAE04EC0-301F-11D3-BF4B-00C04F79EFBC}") = "Emulator.Repository", "src\Services\EmulatorService\Emulator.Repository\Emulator.Repository.csproj", "{003CA938-DF3F-7615-08FD-77B68BD69823}"
EndProject
Project("{FAE04EC0-301F-11D3-BF4B-00C04F79EFBC}") = "Emulator.Service", "src\Services\EmulatorService\Emulator.Service\Emulator.Service.csproj", "{7E878195-EE3A-14CE-AF0C-22C265E75CD9}"
EndProject
Project("{FAE04EC0-301F-11D3-BF4B-00C04F79EFBC}") = "Emulator.API", "src\Services\EmulatorService\Emulator.API\Emulator.API.csproj", "{62F65B05-7512-9904-5B27-F1CE0D9B842F}"
EndProject
Project("{FAE04EC0-301F-11D3-BF4B-00C04F79EFBC}") = "Authorization", "src\BuildingBlocks\Authorization\Authorization.csproj", "{BEADE2EB-B362-D335-505A-C84928C6FDF9}"
EndProject
Project("{FAE04EC0-301F-11D3-BF4B-00C04F79EFBC}") = "Identity.Infrastructure", "src\Services\Identity\Identity.Infrastructure\Identity.Infrastructure.csproj", "{054C9033-A76E-B9DA-F9D8-A068699F08E3}"
EndProject
Global
	GlobalSection(SolutionConfigurationPlatforms) = preSolution
		Debug|Any CPU = Debug|Any CPU
		Debug|x64 = Debug|x64
		Debug|x86 = Debug|x86
		Release|Any CPU = Release|Any CPU
		Release|x64 = Release|x64
		Release|x86 = Release|x86
	EndGlobalSection
	GlobalSection(ProjectConfigurationPlatforms) = postSolution
		{C387315B-8810-4304-8012-E7DF71234258}.Debug|Any CPU.ActiveCfg = Debug|Any CPU
		{C387315B-8810-4304-8012-E7DF71234258}.Debug|Any CPU.Build.0 = Debug|Any CPU
		{C387315B-8810-4304-8012-E7DF71234258}.Debug|x64.ActiveCfg = Debug|Any CPU
		{C387315B-8810-4304-8012-E7DF71234258}.Debug|x64.Build.0 = Debug|Any CPU
		{C387315B-8810-4304-8012-E7DF71234258}.Debug|x86.ActiveCfg = Debug|Any CPU
		{C387315B-8810-4304-8012-E7DF71234258}.Debug|x86.Build.0 = Debug|Any CPU
		{C387315B-8810-4304-8012-E7DF71234258}.Release|Any CPU.ActiveCfg = Release|Any CPU
		{C387315B-8810-4304-8012-E7DF71234258}.Release|Any CPU.Build.0 = Release|Any CPU
		{C387315B-8810-4304-8012-E7DF71234258}.Release|x64.ActiveCfg = Release|Any CPU
		{C387315B-8810-4304-8012-E7DF71234258}.Release|x64.Build.0 = Release|Any CPU
		{C387315B-8810-4304-8012-E7DF71234258}.Release|x86.ActiveCfg = Release|Any CPU
		{C387315B-8810-4304-8012-E7DF71234258}.Release|x86.Build.0 = Release|Any CPU
		{CA6D0A22-288D-4B6E-89EB-97FC4302076E}.Debug|Any CPU.ActiveCfg = Debug|Any CPU
		{CA6D0A22-288D-4B6E-89EB-97FC4302076E}.Debug|Any CPU.Build.0 = Debug|Any CPU
		{CA6D0A22-288D-4B6E-89EB-97FC4302076E}.Debug|x64.ActiveCfg = Debug|Any CPU
		{CA6D0A22-288D-4B6E-89EB-97FC4302076E}.Debug|x64.Build.0 = Debug|Any CPU
		{CA6D0A22-288D-4B6E-89EB-97FC4302076E}.Debug|x86.ActiveCfg = Debug|Any CPU
		{CA6D0A22-288D-4B6E-89EB-97FC4302076E}.Debug|x86.Build.0 = Debug|Any CPU
		{CA6D0A22-288D-4B6E-89EB-97FC4302076E}.Release|Any CPU.ActiveCfg = Release|Any CPU
		{CA6D0A22-288D-4B6E-89EB-97FC4302076E}.Release|Any CPU.Build.0 = Release|Any CPU
		{CA6D0A22-288D-4B6E-89EB-97FC4302076E}.Release|x64.ActiveCfg = Release|Any CPU
		{CA6D0A22-288D-4B6E-89EB-97FC4302076E}.Release|x64.Build.0 = Release|Any CPU
		{CA6D0A22-288D-4B6E-89EB-97FC4302076E}.Release|x86.ActiveCfg = Release|Any CPU
		{CA6D0A22-288D-4B6E-89EB-97FC4302076E}.Release|x86.Build.0 = Release|Any CPU
		{BDBF7E8A-6F71-4FE8-A195-12139ABA5102}.Debug|Any CPU.ActiveCfg = Debug|Any CPU
		{BDBF7E8A-6F71-4FE8-A195-12139ABA5102}.Debug|Any CPU.Build.0 = Debug|Any CPU
		{BDBF7E8A-6F71-4FE8-A195-12139ABA5102}.Debug|x64.ActiveCfg = Debug|Any CPU
		{BDBF7E8A-6F71-4FE8-A195-12139ABA5102}.Debug|x64.Build.0 = Debug|Any CPU
		{BDBF7E8A-6F71-4FE8-A195-12139ABA5102}.Debug|x86.ActiveCfg = Debug|Any CPU
		{BDBF7E8A-6F71-4FE8-A195-12139ABA5102}.Debug|x86.Build.0 = Debug|Any CPU
		{BDBF7E8A-6F71-4FE8-A195-12139ABA5102}.Release|Any CPU.ActiveCfg = Release|Any CPU
		{BDBF7E8A-6F71-4FE8-A195-12139ABA5102}.Release|Any CPU.Build.0 = Release|Any CPU
		{BDBF7E8A-6F71-4FE8-A195-12139ABA5102}.Release|x64.ActiveCfg = Release|Any CPU
		{BDBF7E8A-6F71-4FE8-A195-12139ABA5102}.Release|x64.Build.0 = Release|Any CPU
		{BDBF7E8A-6F71-4FE8-A195-12139ABA5102}.Release|x86.ActiveCfg = Release|Any CPU
		{BDBF7E8A-6F71-4FE8-A195-12139ABA5102}.Release|x86.Build.0 = Release|Any CPU
		{E7E175FF-43A3-468A-B3AD-E80749EBEF2C}.Debug|Any CPU.ActiveCfg = Debug|Any CPU
		{E7E175FF-43A3-468A-B3AD-E80749EBEF2C}.Debug|Any CPU.Build.0 = Debug|Any CPU
		{E7E175FF-43A3-468A-B3AD-E80749EBEF2C}.Debug|x64.ActiveCfg = Debug|Any CPU
		{E7E175FF-43A3-468A-B3AD-E80749EBEF2C}.Debug|x64.Build.0 = Debug|Any CPU
		{E7E175FF-43A3-468A-B3AD-E80749EBEF2C}.Debug|x86.ActiveCfg = Debug|Any CPU
		{E7E175FF-43A3-468A-B3AD-E80749EBEF2C}.Debug|x86.Build.0 = Debug|Any CPU
		{E7E175FF-43A3-468A-B3AD-E80749EBEF2C}.Release|Any CPU.ActiveCfg = Release|Any CPU
		{E7E175FF-43A3-468A-B3AD-E80749EBEF2C}.Release|Any CPU.Build.0 = Release|Any CPU
		{E7E175FF-43A3-468A-B3AD-E80749EBEF2C}.Release|x64.ActiveCfg = Release|Any CPU
		{E7E175FF-43A3-468A-B3AD-E80749EBEF2C}.Release|x64.Build.0 = Release|Any CPU
		{E7E175FF-43A3-468A-B3AD-E80749EBEF2C}.Release|x86.ActiveCfg = Release|Any CPU
		{E7E175FF-43A3-468A-B3AD-E80749EBEF2C}.Release|x86.Build.0 = Release|Any CPU
		{B12AEDAC-9B0E-4243-ADE8-56E8FAAB58E0}.Debug|Any CPU.ActiveCfg = Debug|Any CPU
		{B12AEDAC-9B0E-4243-ADE8-56E8FAAB58E0}.Debug|Any CPU.Build.0 = Debug|Any CPU
		{B12AEDAC-9B0E-4243-ADE8-56E8FAAB58E0}.Debug|x64.ActiveCfg = Debug|Any CPU
		{B12AEDAC-9B0E-4243-ADE8-56E8FAAB58E0}.Debug|x64.Build.0 = Debug|Any CPU
		{B12AEDAC-9B0E-4243-ADE8-56E8FAAB58E0}.Debug|x86.ActiveCfg = Debug|Any CPU
		{B12AEDAC-9B0E-4243-ADE8-56E8FAAB58E0}.Debug|x86.Build.0 = Debug|Any CPU
		{B12AEDAC-9B0E-4243-ADE8-56E8FAAB58E0}.Release|Any CPU.ActiveCfg = Release|Any CPU
		{B12AEDAC-9B0E-4243-ADE8-56E8FAAB58E0}.Release|Any CPU.Build.0 = Release|Any CPU
		{B12AEDAC-9B0E-4243-ADE8-56E8FAAB58E0}.Release|x64.ActiveCfg = Release|Any CPU
		{B12AEDAC-9B0E-4243-ADE8-56E8FAAB58E0}.Release|x64.Build.0 = Release|Any CPU
		{B12AEDAC-9B0E-4243-ADE8-56E8FAAB58E0}.Release|x86.ActiveCfg = Release|Any CPU
		{B12AEDAC-9B0E-4243-ADE8-56E8FAAB58E0}.Release|x86.Build.0 = Release|Any CPU
		{CB52160D-4818-4C25-8D68-9C17D7B86534}.Debug|Any CPU.ActiveCfg = Debug|Any CPU
		{CB52160D-4818-4C25-8D68-9C17D7B86534}.Debug|Any CPU.Build.0 = Debug|Any CPU
		{CB52160D-4818-4C25-8D68-9C17D7B86534}.Debug|x64.ActiveCfg = Debug|Any CPU
		{CB52160D-4818-4C25-8D68-9C17D7B86534}.Debug|x64.Build.0 = Debug|Any CPU
		{CB52160D-4818-4C25-8D68-9C17D7B86534}.Debug|x86.ActiveCfg = Debug|Any CPU
		{CB52160D-4818-4C25-8D68-9C17D7B86534}.Debug|x86.Build.0 = Debug|Any CPU
		{CB52160D-4818-4C25-8D68-9C17D7B86534}.Release|Any CPU.ActiveCfg = Release|Any CPU
		{CB52160D-4818-4C25-8D68-9C17D7B86534}.Release|Any CPU.Build.0 = Release|Any CPU
		{CB52160D-4818-4C25-8D68-9C17D7B86534}.Release|x64.ActiveCfg = Release|Any CPU
		{CB52160D-4818-4C25-8D68-9C17D7B86534}.Release|x64.Build.0 = Release|Any CPU
		{CB52160D-4818-4C25-8D68-9C17D7B86534}.Release|x86.ActiveCfg = Release|Any CPU
		{CB52160D-4818-4C25-8D68-9C17D7B86534}.Release|x86.Build.0 = Release|Any CPU
		{2ADA7FCE-B47A-4C32-951C-2C6DC8AAD19E}.Debug|Any CPU.ActiveCfg = Debug|Any CPU
		{2ADA7FCE-B47A-4C32-951C-2C6DC8AAD19E}.Debug|Any CPU.Build.0 = Debug|Any CPU
		{2ADA7FCE-B47A-4C32-951C-2C6DC8AAD19E}.Debug|x64.ActiveCfg = Debug|Any CPU
		{2ADA7FCE-B47A-4C32-951C-2C6DC8AAD19E}.Debug|x64.Build.0 = Debug|Any CPU
		{2ADA7FCE-B47A-4C32-951C-2C6DC8AAD19E}.Debug|x86.ActiveCfg = Debug|Any CPU
		{2ADA7FCE-B47A-4C32-951C-2C6DC8AAD19E}.Debug|x86.Build.0 = Debug|Any CPU
		{2ADA7FCE-B47A-4C32-951C-2C6DC8AAD19E}.Release|Any CPU.ActiveCfg = Release|Any CPU
		{2ADA7FCE-B47A-4C32-951C-2C6DC8AAD19E}.Release|Any CPU.Build.0 = Release|Any CPU
		{2ADA7FCE-B47A-4C32-951C-2C6DC8AAD19E}.Release|x64.ActiveCfg = Release|Any CPU
		{2ADA7FCE-B47A-4C32-951C-2C6DC8AAD19E}.Release|x64.Build.0 = Release|Any CPU
		{2ADA7FCE-B47A-4C32-951C-2C6DC8AAD19E}.Release|x86.ActiveCfg = Release|Any CPU
		{2ADA7FCE-B47A-4C32-951C-2C6DC8AAD19E}.Release|x86.Build.0 = Release|Any CPU
		{320175AA-B462-58CD-5087-30D6576D54E2}.Debug|Any CPU.ActiveCfg = Debug|Any CPU
		{320175AA-B462-58CD-5087-30D6576D54E2}.Debug|Any CPU.Build.0 = Debug|Any CPU
		{320175AA-B462-58CD-5087-30D6576D54E2}.Debug|x64.ActiveCfg = Debug|Any CPU
		{320175AA-B462-58CD-5087-30D6576D54E2}.Debug|x64.Build.0 = Debug|Any CPU
		{320175AA-B462-58CD-5087-30D6576D54E2}.Debug|x86.ActiveCfg = Debug|Any CPU
		{320175AA-B462-58CD-5087-30D6576D54E2}.Debug|x86.Build.0 = Debug|Any CPU
		{320175AA-B462-58CD-5087-30D6576D54E2}.Release|Any CPU.ActiveCfg = Release|Any CPU
		{320175AA-B462-58CD-5087-30D6576D54E2}.Release|Any CPU.Build.0 = Release|Any CPU
		{320175AA-B462-58CD-5087-30D6576D54E2}.Release|x64.ActiveCfg = Release|Any CPU
		{320175AA-B462-58CD-5087-30D6576D54E2}.Release|x64.Build.0 = Release|Any CPU
		{320175AA-B462-58CD-5087-30D6576D54E2}.Release|x86.ActiveCfg = Release|Any CPU
		{320175AA-B462-58CD-5087-30D6576D54E2}.Release|x86.Build.0 = Release|Any CPU
		{DE96607D-7877-99ED-D0C7-E1F8F8BB10E0}.Debug|Any CPU.ActiveCfg = Debug|Any CPU
		{DE96607D-7877-99ED-D0C7-E1F8F8BB10E0}.Debug|Any CPU.Build.0 = Debug|Any CPU
		{DE96607D-7877-99ED-D0C7-E1F8F8BB10E0}.Debug|x64.ActiveCfg = Debug|Any CPU
		{DE96607D-7877-99ED-D0C7-E1F8F8BB10E0}.Debug|x64.Build.0 = Debug|Any CPU
		{DE96607D-7877-99ED-D0C7-E1F8F8BB10E0}.Debug|x86.ActiveCfg = Debug|Any CPU
		{DE96607D-7877-99ED-D0C7-E1F8F8BB10E0}.Debug|x86.Build.0 = Debug|Any CPU
		{DE96607D-7877-99ED-D0C7-E1F8F8BB10E0}.Release|Any CPU.ActiveCfg = Release|Any CPU
		{DE96607D-7877-99ED-D0C7-E1F8F8BB10E0}.Release|Any CPU.Build.0 = Release|Any CPU
		{DE96607D-7877-99ED-D0C7-E1F8F8BB10E0}.Release|x64.ActiveCfg = Release|Any CPU
		{DE96607D-7877-99ED-D0C7-E1F8F8BB10E0}.Release|x64.Build.0 = Release|Any CPU
		{DE96607D-7877-99ED-D0C7-E1F8F8BB10E0}.Release|x86.ActiveCfg = Release|Any CPU
		{DE96607D-7877-99ED-D0C7-E1F8F8BB10E0}.Release|x86.Build.0 = Release|Any CPU
		{A3F586B8-E407-9F78-4DFD-4E32F2C87D27}.Debug|Any CPU.ActiveCfg = Debug|Any CPU
		{A3F586B8-E407-9F78-4DFD-4E32F2C87D27}.Debug|Any CPU.Build.0 = Debug|Any CPU
		{A3F586B8-E407-9F78-4DFD-4E32F2C87D27}.Debug|x64.ActiveCfg = Debug|Any CPU
		{A3F586B8-E407-9F78-4DFD-4E32F2C87D27}.Debug|x64.Build.0 = Debug|Any CPU
		{A3F586B8-E407-9F78-4DFD-4E32F2C87D27}.Debug|x86.ActiveCfg = Debug|Any CPU
		{A3F586B8-E407-9F78-4DFD-4E32F2C87D27}.Debug|x86.Build.0 = Debug|Any CPU
		{A3F586B8-E407-9F78-4DFD-4E32F2C87D27}.Release|Any CPU.ActiveCfg = Release|Any CPU
		{A3F586B8-E407-9F78-4DFD-4E32F2C87D27}.Release|Any CPU.Build.0 = Release|Any CPU
		{A3F586B8-E407-9F78-4DFD-4E32F2C87D27}.Release|x64.ActiveCfg = Release|Any CPU
		{A3F586B8-E407-9F78-4DFD-4E32F2C87D27}.Release|x64.Build.0 = Release|Any CPU
		{A3F586B8-E407-9F78-4DFD-4E32F2C87D27}.Release|x86.ActiveCfg = Release|Any CPU
		{A3F586B8-E407-9F78-4DFD-4E32F2C87D27}.Release|x86.Build.0 = Release|Any CPU
		{85DF0620-62CB-9023-DB6A-5121A6A43C0D}.Debug|Any CPU.ActiveCfg = Debug|Any CPU
		{85DF0620-62CB-9023-DB6A-5121A6A43C0D}.Debug|Any CPU.Build.0 = Debug|Any CPU
		{85DF0620-62CB-9023-DB6A-5121A6A43C0D}.Debug|x64.ActiveCfg = Debug|Any CPU
		{85DF0620-62CB-9023-DB6A-5121A6A43C0D}.Debug|x64.Build.0 = Debug|Any CPU
		{85DF0620-62CB-9023-DB6A-5121A6A43C0D}.Debug|x86.ActiveCfg = Debug|Any CPU
		{85DF0620-62CB-9023-DB6A-5121A6A43C0D}.Debug|x86.Build.0 = Debug|Any CPU
		{85DF0620-62CB-9023-DB6A-5121A6A43C0D}.Release|Any CPU.ActiveCfg = Release|Any CPU
		{85DF0620-62CB-9023-DB6A-5121A6A43C0D}.Release|Any CPU.Build.0 = Release|Any CPU
		{85DF0620-62CB-9023-DB6A-5121A6A43C0D}.Release|x64.ActiveCfg = Release|Any CPU
		{85DF0620-62CB-9023-DB6A-5121A6A43C0D}.Release|x64.Build.0 = Release|Any CPU
		{85DF0620-62CB-9023-DB6A-5121A6A43C0D}.Release|x86.ActiveCfg = Release|Any CPU
		{85DF0620-62CB-9023-DB6A-5121A6A43C0D}.Release|x86.Build.0 = Release|Any CPU
		{2616E9E1-0A64-4D84-6B6D-97DC0F03DA75}.Debug|Any CPU.ActiveCfg = Debug|Any CPU
		{2616E9E1-0A64-4D84-6B6D-97DC0F03DA75}.Debug|Any CPU.Build.0 = Debug|Any CPU
		{2616E9E1-0A64-4D84-6B6D-97DC0F03DA75}.Debug|x64.ActiveCfg = Debug|Any CPU
		{2616E9E1-0A64-4D84-6B6D-97DC0F03DA75}.Debug|x64.Build.0 = Debug|Any CPU
		{2616E9E1-0A64-4D84-6B6D-97DC0F03DA75}.Debug|x86.ActiveCfg = Debug|Any CPU
		{2616E9E1-0A64-4D84-6B6D-97DC0F03DA75}.Debug|x86.Build.0 = Debug|Any CPU
		{2616E9E1-0A64-4D84-6B6D-97DC0F03DA75}.Release|Any CPU.ActiveCfg = Release|Any CPU
		{2616E9E1-0A64-4D84-6B6D-97DC0F03DA75}.Release|Any CPU.Build.0 = Release|Any CPU
		{2616E9E1-0A64-4D84-6B6D-97DC0F03DA75}.Release|x64.ActiveCfg = Release|Any CPU
		{2616E9E1-0A64-4D84-6B6D-97DC0F03DA75}.Release|x64.Build.0 = Release|Any CPU
		{2616E9E1-0A64-4D84-6B6D-97DC0F03DA75}.Release|x86.ActiveCfg = Release|Any CPU
		{2616E9E1-0A64-4D84-6B6D-97DC0F03DA75}.Release|x86.Build.0 = Release|Any CPU
		{AE7AB52E-D6AD-F35E-2CF7-04AA5E3C9B12}.Debug|Any CPU.ActiveCfg = Debug|Any CPU
		{AE7AB52E-D6AD-F35E-2CF7-04AA5E3C9B12}.Debug|Any CPU.Build.0 = Debug|Any CPU
		{AE7AB52E-D6AD-F35E-2CF7-04AA5E3C9B12}.Debug|x64.ActiveCfg = Debug|Any CPU
		{AE7AB52E-D6AD-F35E-2CF7-04AA5E3C9B12}.Debug|x64.Build.0 = Debug|Any CPU
		{AE7AB52E-D6AD-F35E-2CF7-04AA5E3C9B12}.Debug|x86.ActiveCfg = Debug|Any CPU
		{AE7AB52E-D6AD-F35E-2CF7-04AA5E3C9B12}.Debug|x86.Build.0 = Debug|Any CPU
		{AE7AB52E-D6AD-F35E-2CF7-04AA5E3C9B12}.Release|Any CPU.ActiveCfg = Release|Any CPU
		{AE7AB52E-D6AD-F35E-2CF7-04AA5E3C9B12}.Release|Any CPU.Build.0 = Release|Any CPU
		{AE7AB52E-D6AD-F35E-2CF7-04AA5E3C9B12}.Release|x64.ActiveCfg = Release|Any CPU
		{AE7AB52E-D6AD-F35E-2CF7-04AA5E3C9B12}.Release|x64.Build.0 = Release|Any CPU
		{AE7AB52E-D6AD-F35E-2CF7-04AA5E3C9B12}.Release|x86.ActiveCfg = Release|Any CPU
		{AE7AB52E-D6AD-F35E-2CF7-04AA5E3C9B12}.Release|x86.Build.0 = Release|Any CPU
		{D87A68F1-F228-47BE-B5EC-1799C8F7494D}.Debug|Any CPU.ActiveCfg = Debug|Any CPU
		{D87A68F1-F228-47BE-B5EC-1799C8F7494D}.Debug|Any CPU.Build.0 = Debug|Any CPU
		{D87A68F1-F228-47BE-B5EC-1799C8F7494D}.Debug|x64.ActiveCfg = Debug|Any CPU
		{D87A68F1-F228-47BE-B5EC-1799C8F7494D}.Debug|x64.Build.0 = Debug|Any CPU
		{D87A68F1-F228-47BE-B5EC-1799C8F7494D}.Debug|x86.ActiveCfg = Debug|Any CPU
		{D87A68F1-F228-47BE-B5EC-1799C8F7494D}.Debug|x86.Build.0 = Debug|Any CPU
		{D87A68F1-F228-47BE-B5EC-1799C8F7494D}.Release|Any CPU.ActiveCfg = Release|Any CPU
		{D87A68F1-F228-47BE-B5EC-1799C8F7494D}.Release|Any CPU.Build.0 = Release|Any CPU
		{D87A68F1-F228-47BE-B5EC-1799C8F7494D}.Release|x64.ActiveCfg = Release|Any CPU
		{D87A68F1-F228-47BE-B5EC-1799C8F7494D}.Release|x64.Build.0 = Release|Any CPU
		{D87A68F1-F228-47BE-B5EC-1799C8F7494D}.Release|x86.ActiveCfg = Release|Any CPU
		{D87A68F1-F228-47BE-B5EC-1799C8F7494D}.Release|x86.Build.0 = Release|Any CPU
		{AFC24C4D-6B34-46B8-AD0D-94C35755B2C9}.Debug|Any CPU.ActiveCfg = Debug|Any CPU
		{AFC24C4D-6B34-46B8-AD0D-94C35755B2C9}.Debug|Any CPU.Build.0 = Debug|Any CPU
		{AFC24C4D-6B34-46B8-AD0D-94C35755B2C9}.Debug|x64.ActiveCfg = Debug|Any CPU
		{AFC24C4D-6B34-46B8-AD0D-94C35755B2C9}.Debug|x64.Build.0 = Debug|Any CPU
		{AFC24C4D-6B34-46B8-AD0D-94C35755B2C9}.Debug|x86.ActiveCfg = Debug|Any CPU
		{AFC24C4D-6B34-46B8-AD0D-94C35755B2C9}.Debug|x86.Build.0 = Debug|Any CPU
		{AFC24C4D-6B34-46B8-AD0D-94C35755B2C9}.Release|Any CPU.ActiveCfg = Release|Any CPU
		{AFC24C4D-6B34-46B8-AD0D-94C35755B2C9}.Release|Any CPU.Build.0 = Release|Any CPU
		{AFC24C4D-6B34-46B8-AD0D-94C35755B2C9}.Release|x64.ActiveCfg = Release|Any CPU
		{AFC24C4D-6B34-46B8-AD0D-94C35755B2C9}.Release|x64.Build.0 = Release|Any CPU
		{AFC24C4D-6B34-46B8-AD0D-94C35755B2C9}.Release|x86.ActiveCfg = Release|Any CPU
		{AFC24C4D-6B34-46B8-AD0D-94C35755B2C9}.Release|x86.Build.0 = Release|Any CPU
		{C1E127B8-1B19-8155-6839-9D6722D0E57C}.Debug|Any CPU.ActiveCfg = Debug|Any CPU
		{C1E127B8-1B19-8155-6839-9D6722D0E57C}.Debug|Any CPU.Build.0 = Debug|Any CPU
		{C1E127B8-1B19-8155-6839-9D6722D0E57C}.Debug|x64.ActiveCfg = Debug|Any CPU
		{C1E127B8-1B19-8155-6839-9D6722D0E57C}.Debug|x64.Build.0 = Debug|Any CPU
		{C1E127B8-1B19-8155-6839-9D6722D0E57C}.Debug|x86.ActiveCfg = Debug|Any CPU
		{C1E127B8-1B19-8155-6839-9D6722D0E57C}.Debug|x86.Build.0 = Debug|Any CPU
		{C1E127B8-1B19-8155-6839-9D6722D0E57C}.Release|Any CPU.ActiveCfg = Release|Any CPU
		{C1E127B8-1B19-8155-6839-9D6722D0E57C}.Release|Any CPU.Build.0 = Release|Any CPU
		{C1E127B8-1B19-8155-6839-9D6722D0E57C}.Release|x64.ActiveCfg = Release|Any CPU
		{C1E127B8-1B19-8155-6839-9D6722D0E57C}.Release|x64.Build.0 = Release|Any CPU
		{C1E127B8-1B19-8155-6839-9D6722D0E57C}.Release|x86.ActiveCfg = Release|Any CPU
		{C1E127B8-1B19-8155-6839-9D6722D0E57C}.Release|x86.Build.0 = Release|Any CPU
		{ABA54A83-88DB-4F33-85A7-287E670C5719}.Debug|Any CPU.ActiveCfg = Debug|Any CPU
		{ABA54A83-88DB-4F33-85A7-287E670C5719}.Debug|Any CPU.Build.0 = Debug|Any CPU
		{ABA54A83-88DB-4F33-85A7-287E670C5719}.Debug|x64.ActiveCfg = Debug|Any CPU
		{ABA54A83-88DB-4F33-85A7-287E670C5719}.Debug|x64.Build.0 = Debug|Any CPU
		{ABA54A83-88DB-4F33-85A7-287E670C5719}.Debug|x86.ActiveCfg = Debug|Any CPU
		{ABA54A83-88DB-4F33-85A7-287E670C5719}.Debug|x86.Build.0 = Debug|Any CPU
		{ABA54A83-88DB-4F33-85A7-287E670C5719}.Release|Any CPU.ActiveCfg = Release|Any CPU
		{ABA54A83-88DB-4F33-85A7-287E670C5719}.Release|Any CPU.Build.0 = Release|Any CPU
		{ABA54A83-88DB-4F33-85A7-287E670C5719}.Release|x64.ActiveCfg = Release|Any CPU
		{ABA54A83-88DB-4F33-85A7-287E670C5719}.Release|x64.Build.0 = Release|Any CPU
		{ABA54A83-88DB-4F33-85A7-287E670C5719}.Release|x86.ActiveCfg = Release|Any CPU
		{ABA54A83-88DB-4F33-85A7-287E670C5719}.Release|x86.Build.0 = Release|Any CPU
		{849E346B-6175-4491-8D72-1EBAD22DEF98}.Debug|Any CPU.ActiveCfg = Debug|Any CPU
		{849E346B-6175-4491-8D72-1EBAD22DEF98}.Debug|Any CPU.Build.0 = Debug|Any CPU
		{849E346B-6175-4491-8D72-1EBAD22DEF98}.Debug|x64.ActiveCfg = Debug|Any CPU
		{849E346B-6175-4491-8D72-1EBAD22DEF98}.Debug|x64.Build.0 = Debug|Any CPU
		{849E346B-6175-4491-8D72-1EBAD22DEF98}.Debug|x86.ActiveCfg = Debug|Any CPU
		{849E346B-6175-4491-8D72-1EBAD22DEF98}.Debug|x86.Build.0 = Debug|Any CPU
		{849E346B-6175-4491-8D72-1EBAD22DEF98}.Release|Any CPU.ActiveCfg = Release|Any CPU
		{849E346B-6175-4491-8D72-1EBAD22DEF98}.Release|Any CPU.Build.0 = Release|Any CPU
		{849E346B-6175-4491-8D72-1EBAD22DEF98}.Release|x64.ActiveCfg = Release|Any CPU
		{849E346B-6175-4491-8D72-1EBAD22DEF98}.Release|x64.Build.0 = Release|Any CPU
		{849E346B-6175-4491-8D72-1EBAD22DEF98}.Release|x86.ActiveCfg = Release|Any CPU
		{849E346B-6175-4491-8D72-1EBAD22DEF98}.Release|x86.Build.0 = Release|Any CPU
		{D59BF957-E992-452B-9766-1B9FA88995F6}.Debug|Any CPU.ActiveCfg = Debug|Any CPU
		{D59BF957-E992-452B-9766-1B9FA88995F6}.Debug|Any CPU.Build.0 = Debug|Any CPU
		{D59BF957-E992-452B-9766-1B9FA88995F6}.Debug|x64.ActiveCfg = Debug|Any CPU
		{D59BF957-E992-452B-9766-1B9FA88995F6}.Debug|x64.Build.0 = Debug|Any CPU
		{D59BF957-E992-452B-9766-1B9FA88995F6}.Debug|x86.ActiveCfg = Debug|Any CPU
		{D59BF957-E992-452B-9766-1B9FA88995F6}.Debug|x86.Build.0 = Debug|Any CPU
		{D59BF957-E992-452B-9766-1B9FA88995F6}.Release|Any CPU.ActiveCfg = Release|Any CPU
		{D59BF957-E992-452B-9766-1B9FA88995F6}.Release|Any CPU.Build.0 = Release|Any CPU
		{D59BF957-E992-452B-9766-1B9FA88995F6}.Release|x64.ActiveCfg = Release|Any CPU
		{D59BF957-E992-452B-9766-1B9FA88995F6}.Release|x64.Build.0 = Release|Any CPU
		{D59BF957-E992-452B-9766-1B9FA88995F6}.Release|x86.ActiveCfg = Release|Any CPU
		{D59BF957-E992-452B-9766-1B9FA88995F6}.Release|x86.Build.0 = Release|Any CPU
		{58980404-4C28-49D7-8C9A-4866D3D3E61D}.Debug|Any CPU.ActiveCfg = Debug|Any CPU
		{58980404-4C28-49D7-8C9A-4866D3D3E61D}.Debug|Any CPU.Build.0 = Debug|Any CPU
		{58980404-4C28-49D7-8C9A-4866D3D3E61D}.Debug|x64.ActiveCfg = Debug|Any CPU
		{58980404-4C28-49D7-8C9A-4866D3D3E61D}.Debug|x64.Build.0 = Debug|Any CPU
		{58980404-4C28-49D7-8C9A-4866D3D3E61D}.Debug|x86.ActiveCfg = Debug|Any CPU
		{58980404-4C28-49D7-8C9A-4866D3D3E61D}.Debug|x86.Build.0 = Debug|Any CPU
		{58980404-4C28-49D7-8C9A-4866D3D3E61D}.Release|Any CPU.ActiveCfg = Release|Any CPU
		{58980404-4C28-49D7-8C9A-4866D3D3E61D}.Release|Any CPU.Build.0 = Release|Any CPU
		{58980404-4C28-49D7-8C9A-4866D3D3E61D}.Release|x64.ActiveCfg = Release|Any CPU
		{58980404-4C28-49D7-8C9A-4866D3D3E61D}.Release|x64.Build.0 = Release|Any CPU
		{58980404-4C28-49D7-8C9A-4866D3D3E61D}.Release|x86.ActiveCfg = Release|Any CPU
		{58980404-4C28-49D7-8C9A-4866D3D3E61D}.Release|x86.Build.0 = Release|Any CPU
		{901C5C9E-E925-8627-03E1-5FA8F1EC2C7F}.Debug|Any CPU.ActiveCfg = Debug|Any CPU
		{901C5C9E-E925-8627-03E1-5FA8F1EC2C7F}.Debug|Any CPU.Build.0 = Debug|Any CPU
		{901C5C9E-E925-8627-03E1-5FA8F1EC2C7F}.Debug|x64.ActiveCfg = Debug|Any CPU
		{901C5C9E-E925-8627-03E1-5FA8F1EC2C7F}.Debug|x64.Build.0 = Debug|Any CPU
		{901C5C9E-E925-8627-03E1-5FA8F1EC2C7F}.Debug|x86.ActiveCfg = Debug|Any CPU
		{901C5C9E-E925-8627-03E1-5FA8F1EC2C7F}.Debug|x86.Build.0 = Debug|Any CPU
		{901C5C9E-E925-8627-03E1-5FA8F1EC2C7F}.Release|Any CPU.ActiveCfg = Release|Any CPU
		{901C5C9E-E925-8627-03E1-5FA8F1EC2C7F}.Release|Any CPU.Build.0 = Release|Any CPU
		{901C5C9E-E925-8627-03E1-5FA8F1EC2C7F}.Release|x64.ActiveCfg = Release|Any CPU
		{901C5C9E-E925-8627-03E1-5FA8F1EC2C7F}.Release|x64.Build.0 = Release|Any CPU
		{901C5C9E-E925-8627-03E1-5FA8F1EC2C7F}.Release|x86.ActiveCfg = Release|Any CPU
		{901C5C9E-E925-8627-03E1-5FA8F1EC2C7F}.Release|x86.Build.0 = Release|Any CPU
		{2C90F36D-68FF-A8F5-B7B3-7BBC0CFE077E}.Debug|Any CPU.ActiveCfg = Debug|Any CPU
		{2C90F36D-68FF-A8F5-B7B3-7BBC0CFE077E}.Debug|Any CPU.Build.0 = Debug|Any CPU
		{2C90F36D-68FF-A8F5-B7B3-7BBC0CFE077E}.Debug|x64.ActiveCfg = Debug|Any CPU
		{2C90F36D-68FF-A8F5-B7B3-7BBC0CFE077E}.Debug|x64.Build.0 = Debug|Any CPU
		{2C90F36D-68FF-A8F5-B7B3-7BBC0CFE077E}.Debug|x86.ActiveCfg = Debug|Any CPU
		{2C90F36D-68FF-A8F5-B7B3-7BBC0CFE077E}.Debug|x86.Build.0 = Debug|Any CPU
		{2C90F36D-68FF-A8F5-B7B3-7BBC0CFE077E}.Release|Any CPU.ActiveCfg = Release|Any CPU
		{2C90F36D-68FF-A8F5-B7B3-7BBC0CFE077E}.Release|Any CPU.Build.0 = Release|Any CPU
		{2C90F36D-68FF-A8F5-B7B3-7BBC0CFE077E}.Release|x64.ActiveCfg = Release|Any CPU
		{2C90F36D-68FF-A8F5-B7B3-7BBC0CFE077E}.Release|x64.Build.0 = Release|Any CPU
		{2C90F36D-68FF-A8F5-B7B3-7BBC0CFE077E}.Release|x86.ActiveCfg = Release|Any CPU
		{2C90F36D-68FF-A8F5-B7B3-7BBC0CFE077E}.Release|x86.Build.0 = Release|Any CPU
		{5FCDC5A4-929C-784B-AC43-59F49AAE756E}.Debug|Any CPU.ActiveCfg = Debug|Any CPU
		{5FCDC5A4-929C-784B-AC43-59F49AAE756E}.Debug|Any CPU.Build.0 = Debug|Any CPU
		{5FCDC5A4-929C-784B-AC43-59F49AAE756E}.Debug|x64.ActiveCfg = Debug|Any CPU
		{5FCDC5A4-929C-784B-AC43-59F49AAE756E}.Debug|x64.Build.0 = Debug|Any CPU
		{5FCDC5A4-929C-784B-AC43-59F49AAE756E}.Debug|x86.ActiveCfg = Debug|Any CPU
		{5FCDC5A4-929C-784B-AC43-59F49AAE756E}.Debug|x86.Build.0 = Debug|Any CPU
		{5FCDC5A4-929C-784B-AC43-59F49AAE756E}.Release|Any CPU.ActiveCfg = Release|Any CPU
		{5FCDC5A4-929C-784B-AC43-59F49AAE756E}.Release|Any CPU.Build.0 = Release|Any CPU
		{5FCDC5A4-929C-784B-AC43-59F49AAE756E}.Release|x64.ActiveCfg = Release|Any CPU
		{5FCDC5A4-929C-784B-AC43-59F49AAE756E}.Release|x64.Build.0 = Release|Any CPU
		{5FCDC5A4-929C-784B-AC43-59F49AAE756E}.Release|x86.ActiveCfg = Release|Any CPU
		{5FCDC5A4-929C-784B-AC43-59F49AAE756E}.Release|x86.Build.0 = Release|Any CPU
		{6A18CE57-6776-4417-9197-43EACAB3154A}.Debug|Any CPU.ActiveCfg = Debug|Any CPU
		{6A18CE57-6776-4417-9197-43EACAB3154A}.Debug|Any CPU.Build.0 = Debug|Any CPU
		{6A18CE57-6776-4417-9197-43EACAB3154A}.Debug|x64.ActiveCfg = Debug|Any CPU
		{6A18CE57-6776-4417-9197-43EACAB3154A}.Debug|x64.Build.0 = Debug|Any CPU
		{6A18CE57-6776-4417-9197-43EACAB3154A}.Debug|x86.ActiveCfg = Debug|Any CPU
		{6A18CE57-6776-4417-9197-43EACAB3154A}.Debug|x86.Build.0 = Debug|Any CPU
		{6A18CE57-6776-4417-9197-43EACAB3154A}.Release|Any CPU.ActiveCfg = Release|Any CPU
		{6A18CE57-6776-4417-9197-43EACAB3154A}.Release|Any CPU.Build.0 = Release|Any CPU
		{6A18CE57-6776-4417-9197-43EACAB3154A}.Release|x64.ActiveCfg = Release|Any CPU
		{6A18CE57-6776-4417-9197-43EACAB3154A}.Release|x64.Build.0 = Release|Any CPU
		{6A18CE57-6776-4417-9197-43EACAB3154A}.Release|x86.ActiveCfg = Release|Any CPU
		{6A18CE57-6776-4417-9197-43EACAB3154A}.Release|x86.Build.0 = Release|Any CPU
		{22F1AEB7-F543-4518-A9C2-974731289783}.Debug|Any CPU.ActiveCfg = Debug|Any CPU
		{22F1AEB7-F543-4518-A9C2-974731289783}.Debug|Any CPU.Build.0 = Debug|Any CPU
		{22F1AEB7-F543-4518-A9C2-974731289783}.Debug|x64.ActiveCfg = Debug|Any CPU
		{22F1AEB7-F543-4518-A9C2-974731289783}.Debug|x64.Build.0 = Debug|Any CPU
		{22F1AEB7-F543-4518-A9C2-974731289783}.Debug|x86.ActiveCfg = Debug|Any CPU
		{22F1AEB7-F543-4518-A9C2-974731289783}.Debug|x86.Build.0 = Debug|Any CPU
		{22F1AEB7-F543-4518-A9C2-974731289783}.Release|Any CPU.ActiveCfg = Release|Any CPU
		{22F1AEB7-F543-4518-A9C2-974731289783}.Release|Any CPU.Build.0 = Release|Any CPU
		{22F1AEB7-F543-4518-A9C2-974731289783}.Release|x64.ActiveCfg = Release|Any CPU
		{22F1AEB7-F543-4518-A9C2-974731289783}.Release|x64.Build.0 = Release|Any CPU
		{22F1AEB7-F543-4518-A9C2-974731289783}.Release|x86.ActiveCfg = Release|Any CPU
		{22F1AEB7-F543-4518-A9C2-974731289783}.Release|x86.Build.0 = Release|Any CPU
		{420C17D5-34CB-4D6D-99B6-C59699956252}.Debug|Any CPU.ActiveCfg = Debug|Any CPU
		{420C17D5-34CB-4D6D-99B6-C59699956252}.Debug|Any CPU.Build.0 = Debug|Any CPU
		{420C17D5-34CB-4D6D-99B6-C59699956252}.Debug|x64.ActiveCfg = Debug|Any CPU
		{420C17D5-34CB-4D6D-99B6-C59699956252}.Debug|x64.Build.0 = Debug|Any CPU
		{420C17D5-34CB-4D6D-99B6-C59699956252}.Debug|x86.ActiveCfg = Debug|Any CPU
		{420C17D5-34CB-4D6D-99B6-C59699956252}.Debug|x86.Build.0 = Debug|Any CPU
		{420C17D5-34CB-4D6D-99B6-C59699956252}.Release|Any CPU.ActiveCfg = Release|Any CPU
		{420C17D5-34CB-4D6D-99B6-C59699956252}.Release|Any CPU.Build.0 = Release|Any CPU
		{420C17D5-34CB-4D6D-99B6-C59699956252}.Release|x64.ActiveCfg = Release|Any CPU
		{420C17D5-34CB-4D6D-99B6-C59699956252}.Release|x64.Build.0 = Release|Any CPU
		{420C17D5-34CB-4D6D-99B6-C59699956252}.Release|x86.ActiveCfg = Release|Any CPU
		{420C17D5-34CB-4D6D-99B6-C59699956252}.Release|x86.Build.0 = Release|Any CPU
		{7AC8279A-2D27-2B0A-4639-E8070E8CB2E3}.Debug|Any CPU.ActiveCfg = Debug|Any CPU
		{7AC8279A-2D27-2B0A-4639-E8070E8CB2E3}.Debug|Any CPU.Build.0 = Debug|Any CPU
		{7AC8279A-2D27-2B0A-4639-E8070E8CB2E3}.Debug|x64.ActiveCfg = Debug|Any CPU
		{7AC8279A-2D27-2B0A-4639-E8070E8CB2E3}.Debug|x64.Build.0 = Debug|Any CPU
		{7AC8279A-2D27-2B0A-4639-E8070E8CB2E3}.Debug|x86.ActiveCfg = Debug|Any CPU
		{7AC8279A-2D27-2B0A-4639-E8070E8CB2E3}.Debug|x86.Build.0 = Debug|Any CPU
		{7AC8279A-2D27-2B0A-4639-E8070E8CB2E3}.Release|Any CPU.ActiveCfg = Release|Any CPU
		{7AC8279A-2D27-2B0A-4639-E8070E8CB2E3}.Release|Any CPU.Build.0 = Release|Any CPU
		{7AC8279A-2D27-2B0A-4639-E8070E8CB2E3}.Release|x64.ActiveCfg = Release|Any CPU
		{7AC8279A-2D27-2B0A-4639-E8070E8CB2E3}.Release|x64.Build.0 = Release|Any CPU
		{7AC8279A-2D27-2B0A-4639-E8070E8CB2E3}.Release|x86.ActiveCfg = Release|Any CPU
		{7AC8279A-2D27-2B0A-4639-E8070E8CB2E3}.Release|x86.Build.0 = Release|Any CPU
		{D2040D47-DFAA-36DD-11C4-6FE1DCD5E459}.Debug|Any CPU.ActiveCfg = Debug|Any CPU
		{D2040D47-DFAA-36DD-11C4-6FE1DCD5E459}.Debug|Any CPU.Build.0 = Debug|Any CPU
		{D2040D47-DFAA-36DD-11C4-6FE1DCD5E459}.Debug|x64.ActiveCfg = Debug|Any CPU
		{D2040D47-DFAA-36DD-11C4-6FE1DCD5E459}.Debug|x64.Build.0 = Debug|Any CPU
		{D2040D47-DFAA-36DD-11C4-6FE1DCD5E459}.Debug|x86.ActiveCfg = Debug|Any CPU
		{D2040D47-DFAA-36DD-11C4-6FE1DCD5E459}.Debug|x86.Build.0 = Debug|Any CPU
		{D2040D47-DFAA-36DD-11C4-6FE1DCD5E459}.Release|Any CPU.ActiveCfg = Release|Any CPU
		{D2040D47-DFAA-36DD-11C4-6FE1DCD5E459}.Release|Any CPU.Build.0 = Release|Any CPU
		{D2040D47-DFAA-36DD-11C4-6FE1DCD5E459}.Release|x64.ActiveCfg = Release|Any CPU
		{D2040D47-DFAA-36DD-11C4-6FE1DCD5E459}.Release|x64.Build.0 = Release|Any CPU
		{D2040D47-DFAA-36DD-11C4-6FE1DCD5E459}.Release|x86.ActiveCfg = Release|Any CPU
		{D2040D47-DFAA-36DD-11C4-6FE1DCD5E459}.Release|x86.Build.0 = Release|Any CPU
		{A4093E37-A495-4B63-84B9-6B91F765E540}.Debug|Any CPU.ActiveCfg = Debug|Any CPU
		{A4093E37-A495-4B63-84B9-6B91F765E540}.Debug|Any CPU.Build.0 = Debug|Any CPU
		{A4093E37-A495-4B63-84B9-6B91F765E540}.Debug|x64.ActiveCfg = Debug|Any CPU
		{A4093E37-A495-4B63-84B9-6B91F765E540}.Debug|x64.Build.0 = Debug|Any CPU
		{A4093E37-A495-4B63-84B9-6B91F765E540}.Debug|x86.ActiveCfg = Debug|Any CPU
		{A4093E37-A495-4B63-84B9-6B91F765E540}.Debug|x86.Build.0 = Debug|Any CPU
		{A4093E37-A495-4B63-84B9-6B91F765E540}.Release|Any CPU.ActiveCfg = Release|Any CPU
		{A4093E37-A495-4B63-84B9-6B91F765E540}.Release|Any CPU.Build.0 = Release|Any CPU
		{A4093E37-A495-4B63-84B9-6B91F765E540}.Release|x64.ActiveCfg = Release|Any CPU
		{A4093E37-A495-4B63-84B9-6B91F765E540}.Release|x64.Build.0 = Release|Any CPU
		{A4093E37-A495-4B63-84B9-6B91F765E540}.Release|x86.ActiveCfg = Release|Any CPU
		{A4093E37-A495-4B63-84B9-6B91F765E540}.Release|x86.Build.0 = Release|Any CPU
		{A15740AF-B773-4439-B418-C9D2505D9BE3}.Debug|Any CPU.ActiveCfg = Debug|Any CPU
		{A15740AF-B773-4439-B418-C9D2505D9BE3}.Debug|Any CPU.Build.0 = Debug|Any CPU
		{A15740AF-B773-4439-B418-C9D2505D9BE3}.Debug|x64.ActiveCfg = Debug|Any CPU
		{A15740AF-B773-4439-B418-C9D2505D9BE3}.Debug|x64.Build.0 = Debug|Any CPU
		{A15740AF-B773-4439-B418-C9D2505D9BE3}.Debug|x86.ActiveCfg = Debug|Any CPU
		{A15740AF-B773-4439-B418-C9D2505D9BE3}.Debug|x86.Build.0 = Debug|Any CPU
		{A15740AF-B773-4439-B418-C9D2505D9BE3}.Release|Any CPU.ActiveCfg = Release|Any CPU
		{A15740AF-B773-4439-B418-C9D2505D9BE3}.Release|Any CPU.Build.0 = Release|Any CPU
		{A15740AF-B773-4439-B418-C9D2505D9BE3}.Release|x64.ActiveCfg = Release|Any CPU
		{A15740AF-B773-4439-B418-C9D2505D9BE3}.Release|x64.Build.0 = Release|Any CPU
		{A15740AF-B773-4439-B418-C9D2505D9BE3}.Release|x86.ActiveCfg = Release|Any CPU
		{A15740AF-B773-4439-B418-C9D2505D9BE3}.Release|x86.Build.0 = Release|Any CPU
		{88BE6F27-CD31-4FBC-B321-3F9F0EC34465}.Debug|Any CPU.ActiveCfg = Debug|Any CPU
		{88BE6F27-CD31-4FBC-B321-3F9F0EC34465}.Debug|Any CPU.Build.0 = Debug|Any CPU
		{88BE6F27-CD31-4FBC-B321-3F9F0EC34465}.Debug|x64.ActiveCfg = Debug|Any CPU
		{88BE6F27-CD31-4FBC-B321-3F9F0EC34465}.Debug|x64.Build.0 = Debug|Any CPU
		{88BE6F27-CD31-4FBC-B321-3F9F0EC34465}.Debug|x86.ActiveCfg = Debug|Any CPU
		{88BE6F27-CD31-4FBC-B321-3F9F0EC34465}.Debug|x86.Build.0 = Debug|Any CPU
		{88BE6F27-CD31-4FBC-B321-3F9F0EC34465}.Release|Any CPU.ActiveCfg = Release|Any CPU
		{88BE6F27-CD31-4FBC-B321-3F9F0EC34465}.Release|Any CPU.Build.0 = Release|Any CPU
		{88BE6F27-CD31-4FBC-B321-3F9F0EC34465}.Release|x64.ActiveCfg = Release|Any CPU
		{88BE6F27-CD31-4FBC-B321-3F9F0EC34465}.Release|x64.Build.0 = Release|Any CPU
		{88BE6F27-CD31-4FBC-B321-3F9F0EC34465}.Release|x86.ActiveCfg = Release|Any CPU
		{88BE6F27-CD31-4FBC-B321-3F9F0EC34465}.Release|x86.Build.0 = Release|Any CPU
		{7C58FD8B-E82B-4C10-90A5-385FBE3AB858}.Debug|Any CPU.ActiveCfg = Debug|Any CPU
		{7C58FD8B-E82B-4C10-90A5-385FBE3AB858}.Debug|Any CPU.Build.0 = Debug|Any CPU
		{7C58FD8B-E82B-4C10-90A5-385FBE3AB858}.Debug|x64.ActiveCfg = Debug|Any CPU
		{7C58FD8B-E82B-4C10-90A5-385FBE3AB858}.Debug|x64.Build.0 = Debug|Any CPU
		{7C58FD8B-E82B-4C10-90A5-385FBE3AB858}.Debug|x86.ActiveCfg = Debug|Any CPU
		{7C58FD8B-E82B-4C10-90A5-385FBE3AB858}.Debug|x86.Build.0 = Debug|Any CPU
		{7C58FD8B-E82B-4C10-90A5-385FBE3AB858}.Release|Any CPU.ActiveCfg = Release|Any CPU
		{7C58FD8B-E82B-4C10-90A5-385FBE3AB858}.Release|Any CPU.Build.0 = Release|Any CPU
		{7C58FD8B-E82B-4C10-90A5-385FBE3AB858}.Release|x64.ActiveCfg = Release|Any CPU
		{7C58FD8B-E82B-4C10-90A5-385FBE3AB858}.Release|x64.Build.0 = Release|Any CPU
		{7C58FD8B-E82B-4C10-90A5-385FBE3AB858}.Release|x86.ActiveCfg = Release|Any CPU
		{7C58FD8B-E82B-4C10-90A5-385FBE3AB858}.Release|x86.Build.0 = Release|Any CPU
		{1DDA0B4B-2666-4023-A47E-E26317711FFB}.Debug|Any CPU.ActiveCfg = Debug|Any CPU
		{1DDA0B4B-2666-4023-A47E-E26317711FFB}.Debug|Any CPU.Build.0 = Debug|Any CPU
		{1DDA0B4B-2666-4023-A47E-E26317711FFB}.Debug|x64.ActiveCfg = Debug|Any CPU
		{1DDA0B4B-2666-4023-A47E-E26317711FFB}.Debug|x64.Build.0 = Debug|Any CPU
		{1DDA0B4B-2666-4023-A47E-E26317711FFB}.Debug|x86.ActiveCfg = Debug|Any CPU
		{1DDA0B4B-2666-4023-A47E-E26317711FFB}.Debug|x86.Build.0 = Debug|Any CPU
		{1DDA0B4B-2666-4023-A47E-E26317711FFB}.Release|Any CPU.ActiveCfg = Release|Any CPU
		{1DDA0B4B-2666-4023-A47E-E26317711FFB}.Release|Any CPU.Build.0 = Release|Any CPU
		{1DDA0B4B-2666-4023-A47E-E26317711FFB}.Release|x64.ActiveCfg = Release|Any CPU
		{1DDA0B4B-2666-4023-A47E-E26317711FFB}.Release|x64.Build.0 = Release|Any CPU
		{1DDA0B4B-2666-4023-A47E-E26317711FFB}.Release|x86.ActiveCfg = Release|Any CPU
		{1DDA0B4B-2666-4023-A47E-E26317711FFB}.Release|x86.Build.0 = Release|Any CPU
		{41AFF2C5-FB1E-4A8E-A448-0A7AC41A53E3}.Debug|Any CPU.ActiveCfg = Debug|Any CPU
		{41AFF2C5-FB1E-4A8E-A448-0A7AC41A53E3}.Debug|Any CPU.Build.0 = Debug|Any CPU
		{41AFF2C5-FB1E-4A8E-A448-0A7AC41A53E3}.Debug|x64.ActiveCfg = Debug|Any CPU
		{41AFF2C5-FB1E-4A8E-A448-0A7AC41A53E3}.Debug|x64.Build.0 = Debug|Any CPU
		{41AFF2C5-FB1E-4A8E-A448-0A7AC41A53E3}.Debug|x86.ActiveCfg = Debug|Any CPU
		{41AFF2C5-FB1E-4A8E-A448-0A7AC41A53E3}.Debug|x86.Build.0 = Debug|Any CPU
		{41AFF2C5-FB1E-4A8E-A448-0A7AC41A53E3}.Release|Any CPU.ActiveCfg = Release|Any CPU
		{41AFF2C5-FB1E-4A8E-A448-0A7AC41A53E3}.Release|Any CPU.Build.0 = Release|Any CPU
		{41AFF2C5-FB1E-4A8E-A448-0A7AC41A53E3}.Release|x64.ActiveCfg = Release|Any CPU
		{41AFF2C5-FB1E-4A8E-A448-0A7AC41A53E3}.Release|x64.Build.0 = Release|Any CPU
		{41AFF2C5-FB1E-4A8E-A448-0A7AC41A53E3}.Release|x86.ActiveCfg = Release|Any CPU
		{41AFF2C5-FB1E-4A8E-A448-0A7AC41A53E3}.Release|x86.Build.0 = Release|Any CPU
		{A8C1F40F-0D29-40D8-B608-6AB602BA06C4}.Debug|Any CPU.ActiveCfg = Debug|Any CPU
		{A8C1F40F-0D29-40D8-B608-6AB602BA06C4}.Debug|Any CPU.Build.0 = Debug|Any CPU
		{A8C1F40F-0D29-40D8-B608-6AB602BA06C4}.Debug|x64.ActiveCfg = Debug|Any CPU
		{A8C1F40F-0D29-40D8-B608-6AB602BA06C4}.Debug|x64.Build.0 = Debug|Any CPU
		{A8C1F40F-0D29-40D8-B608-6AB602BA06C4}.Debug|x86.ActiveCfg = Debug|Any CPU
		{A8C1F40F-0D29-40D8-B608-6AB602BA06C4}.Debug|x86.Build.0 = Debug|Any CPU
		{A8C1F40F-0D29-40D8-B608-6AB602BA06C4}.Release|Any CPU.ActiveCfg = Release|Any CPU
		{A8C1F40F-0D29-40D8-B608-6AB602BA06C4}.Release|Any CPU.Build.0 = Release|Any CPU
		{A8C1F40F-0D29-40D8-B608-6AB602BA06C4}.Release|x64.ActiveCfg = Release|Any CPU
		{A8C1F40F-0D29-40D8-B608-6AB602BA06C4}.Release|x64.Build.0 = Release|Any CPU
		{A8C1F40F-0D29-40D8-B608-6AB602BA06C4}.Release|x86.ActiveCfg = Release|Any CPU
		{A8C1F40F-0D29-40D8-B608-6AB602BA06C4}.Release|x86.Build.0 = Release|Any CPU
		{A15B1D0F-E114-4F0F-9DA8-CA4A0BB67B3F}.Debug|Any CPU.ActiveCfg = Debug|Any CPU
		{A15B1D0F-E114-4F0F-9DA8-CA4A0BB67B3F}.Debug|Any CPU.Build.0 = Debug|Any CPU
		{A15B1D0F-E114-4F0F-9DA8-CA4A0BB67B3F}.Debug|x64.ActiveCfg = Debug|Any CPU
		{A15B1D0F-E114-4F0F-9DA8-CA4A0BB67B3F}.Debug|x64.Build.0 = Debug|Any CPU
		{A15B1D0F-E114-4F0F-9DA8-CA4A0BB67B3F}.Debug|x86.ActiveCfg = Debug|Any CPU
		{A15B1D0F-E114-4F0F-9DA8-CA4A0BB67B3F}.Debug|x86.Build.0 = Debug|Any CPU
		{A15B1D0F-E114-4F0F-9DA8-CA4A0BB67B3F}.Release|Any CPU.ActiveCfg = Release|Any CPU
		{A15B1D0F-E114-4F0F-9DA8-CA4A0BB67B3F}.Release|Any CPU.Build.0 = Release|Any CPU
		{A15B1D0F-E114-4F0F-9DA8-CA4A0BB67B3F}.Release|x64.ActiveCfg = Release|Any CPU
		{A15B1D0F-E114-4F0F-9DA8-CA4A0BB67B3F}.Release|x64.Build.0 = Release|Any CPU
		{A15B1D0F-E114-4F0F-9DA8-CA4A0BB67B3F}.Release|x86.ActiveCfg = Release|Any CPU
		{A15B1D0F-E114-4F0F-9DA8-CA4A0BB67B3F}.Release|x86.Build.0 = Release|Any CPU
		{AEE25A3C-8012-4B94-B191-9147CD97FEE7}.Debug|Any CPU.ActiveCfg = Debug|Any CPU
		{AEE25A3C-8012-4B94-B191-9147CD97FEE7}.Debug|Any CPU.Build.0 = Debug|Any CPU
		{AEE25A3C-8012-4B94-B191-9147CD97FEE7}.Debug|x64.ActiveCfg = Debug|Any CPU
		{AEE25A3C-8012-4B94-B191-9147CD97FEE7}.Debug|x64.Build.0 = Debug|Any CPU
		{AEE25A3C-8012-4B94-B191-9147CD97FEE7}.Debug|x86.ActiveCfg = Debug|Any CPU
		{AEE25A3C-8012-4B94-B191-9147CD97FEE7}.Debug|x86.Build.0 = Debug|Any CPU
		{AEE25A3C-8012-4B94-B191-9147CD97FEE7}.Release|Any CPU.ActiveCfg = Release|Any CPU
		{AEE25A3C-8012-4B94-B191-9147CD97FEE7}.Release|Any CPU.Build.0 = Release|Any CPU
		{AEE25A3C-8012-4B94-B191-9147CD97FEE7}.Release|x64.ActiveCfg = Release|Any CPU
		{AEE25A3C-8012-4B94-B191-9147CD97FEE7}.Release|x64.Build.0 = Release|Any CPU
		{AEE25A3C-8012-4B94-B191-9147CD97FEE7}.Release|x86.ActiveCfg = Release|Any CPU
		{AEE25A3C-8012-4B94-B191-9147CD97FEE7}.Release|x86.Build.0 = Release|Any CPU
		{3B98BC2D-EC56-420C-AA1C-DF32C11D5011}.Debug|Any CPU.ActiveCfg = Debug|Any CPU
		{3B98BC2D-EC56-420C-AA1C-DF32C11D5011}.Debug|Any CPU.Build.0 = Debug|Any CPU
		{3B98BC2D-EC56-420C-AA1C-DF32C11D5011}.Debug|x64.ActiveCfg = Debug|Any CPU
		{3B98BC2D-EC56-420C-AA1C-DF32C11D5011}.Debug|x64.Build.0 = Debug|Any CPU
		{3B98BC2D-EC56-420C-AA1C-DF32C11D5011}.Debug|x86.ActiveCfg = Debug|Any CPU
		{3B98BC2D-EC56-420C-AA1C-DF32C11D5011}.Debug|x86.Build.0 = Debug|Any CPU
		{3B98BC2D-EC56-420C-AA1C-DF32C11D5011}.Release|Any CPU.ActiveCfg = Release|Any CPU
		{3B98BC2D-EC56-420C-AA1C-DF32C11D5011}.Release|Any CPU.Build.0 = Release|Any CPU
		{3B98BC2D-EC56-420C-AA1C-DF32C11D5011}.Release|x64.ActiveCfg = Release|Any CPU
		{3B98BC2D-EC56-420C-AA1C-DF32C11D5011}.Release|x64.Build.0 = Release|Any CPU
		{3B98BC2D-EC56-420C-AA1C-DF32C11D5011}.Release|x86.ActiveCfg = Release|Any CPU
		{3B98BC2D-EC56-420C-AA1C-DF32C11D5011}.Release|x86.Build.0 = Release|Any CPU
		{CCBFC811-A4BE-41CF-AD2B-8C7035684E14}.Debug|Any CPU.ActiveCfg = Debug|Any CPU
		{CCBFC811-A4BE-41CF-AD2B-8C7035684E14}.Debug|Any CPU.Build.0 = Debug|Any CPU
		{CCBFC811-A4BE-41CF-AD2B-8C7035684E14}.Debug|x64.ActiveCfg = Debug|Any CPU
		{CCBFC811-A4BE-41CF-AD2B-8C7035684E14}.Debug|x64.Build.0 = Debug|Any CPU
		{CCBFC811-A4BE-41CF-AD2B-8C7035684E14}.Debug|x86.ActiveCfg = Debug|Any CPU
		{CCBFC811-A4BE-41CF-AD2B-8C7035684E14}.Debug|x86.Build.0 = Debug|Any CPU
		{CCBFC811-A4BE-41CF-AD2B-8C7035684E14}.Release|Any CPU.ActiveCfg = Release|Any CPU
		{CCBFC811-A4BE-41CF-AD2B-8C7035684E14}.Release|Any CPU.Build.0 = Release|Any CPU
		{CCBFC811-A4BE-41CF-AD2B-8C7035684E14}.Release|x64.ActiveCfg = Release|Any CPU
		{CCBFC811-A4BE-41CF-AD2B-8C7035684E14}.Release|x64.Build.0 = Release|Any CPU
		{CCBFC811-A4BE-41CF-AD2B-8C7035684E14}.Release|x86.ActiveCfg = Release|Any CPU
		{CCBFC811-A4BE-41CF-AD2B-8C7035684E14}.Release|x86.Build.0 = Release|Any CPU
		{F3653858-F43F-B792-96FE-AF7CF5CCE8C8}.Debug|Any CPU.ActiveCfg = Debug|Any CPU
		{F3653858-F43F-B792-96FE-AF7CF5CCE8C8}.Debug|Any CPU.Build.0 = Debug|Any CPU
		{F3653858-F43F-B792-96FE-AF7CF5CCE8C8}.Debug|x64.ActiveCfg = Debug|Any CPU
		{F3653858-F43F-B792-96FE-AF7CF5CCE8C8}.Debug|x64.Build.0 = Debug|Any CPU
		{F3653858-F43F-B792-96FE-AF7CF5CCE8C8}.Debug|x86.ActiveCfg = Debug|Any CPU
		{F3653858-F43F-B792-96FE-AF7CF5CCE8C8}.Debug|x86.Build.0 = Debug|Any CPU
		{F3653858-F43F-B792-96FE-AF7CF5CCE8C8}.Release|Any CPU.ActiveCfg = Release|Any CPU
		{F3653858-F43F-B792-96FE-AF7CF5CCE8C8}.Release|Any CPU.Build.0 = Release|Any CPU
		{F3653858-F43F-B792-96FE-AF7CF5CCE8C8}.Release|x64.ActiveCfg = Release|Any CPU
		{F3653858-F43F-B792-96FE-AF7CF5CCE8C8}.Release|x64.Build.0 = Release|Any CPU
		{F3653858-F43F-B792-96FE-AF7CF5CCE8C8}.Release|x86.ActiveCfg = Release|Any CPU
		{F3653858-F43F-B792-96FE-AF7CF5CCE8C8}.Release|x86.Build.0 = Release|Any CPU
		{6397790F-B272-456A-821D-6ADBEB666729}.Debug|Any CPU.ActiveCfg = Debug|Any CPU
		{6397790F-B272-456A-821D-6ADBEB666729}.Debug|Any CPU.Build.0 = Debug|Any CPU
		{6397790F-B272-456A-821D-6ADBEB666729}.Debug|x64.ActiveCfg = Debug|Any CPU
		{6397790F-B272-456A-821D-6ADBEB666729}.Debug|x64.Build.0 = Debug|Any CPU
		{6397790F-B272-456A-821D-6ADBEB666729}.Debug|x86.ActiveCfg = Debug|Any CPU
		{6397790F-B272-456A-821D-6ADBEB666729}.Debug|x86.Build.0 = Debug|Any CPU
		{6397790F-B272-456A-821D-6ADBEB666729}.Release|Any CPU.ActiveCfg = Release|Any CPU
		{6397790F-B272-456A-821D-6ADBEB666729}.Release|Any CPU.Build.0 = Release|Any CPU
		{6397790F-B272-456A-821D-6ADBEB666729}.Release|x64.ActiveCfg = Release|Any CPU
		{6397790F-B272-456A-821D-6ADBEB666729}.Release|x64.Build.0 = Release|Any CPU
		{6397790F-B272-456A-821D-6ADBEB666729}.Release|x86.ActiveCfg = Release|Any CPU
		{6397790F-B272-456A-821D-6ADBEB666729}.Release|x86.Build.0 = Release|Any CPU
		{C95B7C64-740E-4592-A6CC-D447C4BA9C67}.Debug|Any CPU.ActiveCfg = Debug|Any CPU
		{C95B7C64-740E-4592-A6CC-D447C4BA9C67}.Debug|Any CPU.Build.0 = Debug|Any CPU
		{C95B7C64-740E-4592-A6CC-D447C4BA9C67}.Debug|x64.ActiveCfg = Debug|Any CPU
		{C95B7C64-740E-4592-A6CC-D447C4BA9C67}.Debug|x64.Build.0 = Debug|Any CPU
		{C95B7C64-740E-4592-A6CC-D447C4BA9C67}.Debug|x86.ActiveCfg = Debug|Any CPU
		{C95B7C64-740E-4592-A6CC-D447C4BA9C67}.Debug|x86.Build.0 = Debug|Any CPU
		{C95B7C64-740E-4592-A6CC-D447C4BA9C67}.Release|Any CPU.ActiveCfg = Release|Any CPU
		{C95B7C64-740E-4592-A6CC-D447C4BA9C67}.Release|Any CPU.Build.0 = Release|Any CPU
		{C95B7C64-740E-4592-A6CC-D447C4BA9C67}.Release|x64.ActiveCfg = Release|Any CPU
		{C95B7C64-740E-4592-A6CC-D447C4BA9C67}.Release|x64.Build.0 = Release|Any CPU
		{C95B7C64-740E-4592-A6CC-D447C4BA9C67}.Release|x86.ActiveCfg = Release|Any CPU
		{C95B7C64-740E-4592-A6CC-D447C4BA9C67}.Release|x86.Build.0 = Release|Any CPU
		{F08A8200-2F5F-411D-B703-F39232CEB9F3}.Debug|Any CPU.ActiveCfg = Debug|Any CPU
		{F08A8200-2F5F-411D-B703-F39232CEB9F3}.Debug|Any CPU.Build.0 = Debug|Any CPU
		{F08A8200-2F5F-411D-B703-F39232CEB9F3}.Debug|x64.ActiveCfg = Debug|Any CPU
		{F08A8200-2F5F-411D-B703-F39232CEB9F3}.Debug|x64.Build.0 = Debug|Any CPU
		{F08A8200-2F5F-411D-B703-F39232CEB9F3}.Debug|x86.ActiveCfg = Debug|Any CPU
		{F08A8200-2F5F-411D-B703-F39232CEB9F3}.Debug|x86.Build.0 = Debug|Any CPU
		{F08A8200-2F5F-411D-B703-F39232CEB9F3}.Release|Any CPU.ActiveCfg = Release|Any CPU
		{F08A8200-2F5F-411D-B703-F39232CEB9F3}.Release|Any CPU.Build.0 = Release|Any CPU
		{F08A8200-2F5F-411D-B703-F39232CEB9F3}.Release|x64.ActiveCfg = Release|Any CPU
		{F08A8200-2F5F-411D-B703-F39232CEB9F3}.Release|x64.Build.0 = Release|Any CPU
		{F08A8200-2F5F-411D-B703-F39232CEB9F3}.Release|x86.ActiveCfg = Release|Any CPU
		{F08A8200-2F5F-411D-B703-F39232CEB9F3}.Release|x86.Build.0 = Release|Any CPU
		{A6F1A63F-941F-4277-84D9-ADE7356F5293}.Debug|Any CPU.ActiveCfg = Debug|Any CPU
		{A6F1A63F-941F-4277-84D9-ADE7356F5293}.Debug|Any CPU.Build.0 = Debug|Any CPU
		{A6F1A63F-941F-4277-84D9-ADE7356F5293}.Debug|x64.ActiveCfg = Debug|Any CPU
		{A6F1A63F-941F-4277-84D9-ADE7356F5293}.Debug|x64.Build.0 = Debug|Any CPU
		{A6F1A63F-941F-4277-84D9-ADE7356F5293}.Debug|x86.ActiveCfg = Debug|Any CPU
		{A6F1A63F-941F-4277-84D9-ADE7356F5293}.Debug|x86.Build.0 = Debug|Any CPU
		{A6F1A63F-941F-4277-84D9-ADE7356F5293}.Release|Any CPU.ActiveCfg = Release|Any CPU
		{A6F1A63F-941F-4277-84D9-ADE7356F5293}.Release|Any CPU.Build.0 = Release|Any CPU
		{A6F1A63F-941F-4277-84D9-ADE7356F5293}.Release|x64.ActiveCfg = Release|Any CPU
		{A6F1A63F-941F-4277-84D9-ADE7356F5293}.Release|x64.Build.0 = Release|Any CPU
		{A6F1A63F-941F-4277-84D9-ADE7356F5293}.Release|x86.ActiveCfg = Release|Any CPU
		{A6F1A63F-941F-4277-84D9-ADE7356F5293}.Release|x86.Build.0 = Release|Any CPU
		{003CA938-DF3F-7615-08FD-77B68BD69823}.Debug|Any CPU.ActiveCfg = Debug|Any CPU
		{003CA938-DF3F-7615-08FD-77B68BD69823}.Debug|Any CPU.Build.0 = Debug|Any CPU
		{003CA938-DF3F-7615-08FD-77B68BD69823}.Debug|x64.ActiveCfg = Debug|Any CPU
		{003CA938-DF3F-7615-08FD-77B68BD69823}.Debug|x64.Build.0 = Debug|Any CPU
		{003CA938-DF3F-7615-08FD-77B68BD69823}.Debug|x86.ActiveCfg = Debug|Any CPU
		{003CA938-DF3F-7615-08FD-77B68BD69823}.Debug|x86.Build.0 = Debug|Any CPU
		{003CA938-DF3F-7615-08FD-77B68BD69823}.Release|Any CPU.ActiveCfg = Release|Any CPU
		{003CA938-DF3F-7615-08FD-77B68BD69823}.Release|Any CPU.Build.0 = Release|Any CPU
		{003CA938-DF3F-7615-08FD-77B68BD69823}.Release|x64.ActiveCfg = Release|Any CPU
		{003CA938-DF3F-7615-08FD-77B68BD69823}.Release|x64.Build.0 = Release|Any CPU
		{003CA938-DF3F-7615-08FD-77B68BD69823}.Release|x86.ActiveCfg = Release|Any CPU
		{003CA938-DF3F-7615-08FD-77B68BD69823}.Release|x86.Build.0 = Release|Any CPU
		{7E878195-EE3A-14CE-AF0C-22C265E75CD9}.Debug|Any CPU.ActiveCfg = Debug|Any CPU
		{7E878195-EE3A-14CE-AF0C-22C265E75CD9}.Debug|Any CPU.Build.0 = Debug|Any CPU
		{7E878195-EE3A-14CE-AF0C-22C265E75CD9}.Debug|x64.ActiveCfg = Debug|Any CPU
		{7E878195-EE3A-14CE-AF0C-22C265E75CD9}.Debug|x64.Build.0 = Debug|Any CPU
		{7E878195-EE3A-14CE-AF0C-22C265E75CD9}.Debug|x86.ActiveCfg = Debug|Any CPU
		{7E878195-EE3A-14CE-AF0C-22C265E75CD9}.Debug|x86.Build.0 = Debug|Any CPU
		{7E878195-EE3A-14CE-AF0C-22C265E75CD9}.Release|Any CPU.ActiveCfg = Release|Any CPU
		{7E878195-EE3A-14CE-AF0C-22C265E75CD9}.Release|Any CPU.Build.0 = Release|Any CPU
		{7E878195-EE3A-14CE-AF0C-22C265E75CD9}.Release|x64.ActiveCfg = Release|Any CPU
		{7E878195-EE3A-14CE-AF0C-22C265E75CD9}.Release|x64.Build.0 = Release|Any CPU
		{7E878195-EE3A-14CE-AF0C-22C265E75CD9}.Release|x86.ActiveCfg = Release|Any CPU
		{7E878195-EE3A-14CE-AF0C-22C265E75CD9}.Release|x86.Build.0 = Release|Any CPU
		{62F65B05-7512-9904-5B27-F1CE0D9B842F}.Debug|Any CPU.ActiveCfg = Debug|Any CPU
		{62F65B05-7512-9904-5B27-F1CE0D9B842F}.Debug|Any CPU.Build.0 = Debug|Any CPU
		{62F65B05-7512-9904-5B27-F1CE0D9B842F}.Debug|x64.ActiveCfg = Debug|Any CPU
		{62F65B05-7512-9904-5B27-F1CE0D9B842F}.Debug|x64.Build.0 = Debug|Any CPU
		{62F65B05-7512-9904-5B27-F1CE0D9B842F}.Debug|x86.ActiveCfg = Debug|Any CPU
		{62F65B05-7512-9904-5B27-F1CE0D9B842F}.Debug|x86.Build.0 = Debug|Any CPU
		{62F65B05-7512-9904-5B27-F1CE0D9B842F}.Release|Any CPU.ActiveCfg = Release|Any CPU
		{62F65B05-7512-9904-5B27-F1CE0D9B842F}.Release|Any CPU.Build.0 = Release|Any CPU
		{62F65B05-7512-9904-5B27-F1CE0D9B842F}.Release|x64.ActiveCfg = Release|Any CPU
		{62F65B05-7512-9904-5B27-F1CE0D9B842F}.Release|x64.Build.0 = Release|Any CPU
		{62F65B05-7512-9904-5B27-F1CE0D9B842F}.Release|x86.ActiveCfg = Release|Any CPU
		{62F65B05-7512-9904-5B27-F1CE0D9B842F}.Release|x86.Build.0 = Release|Any CPU
		{BEADE2EB-B362-D335-505A-C84928C6FDF9}.Debug|Any CPU.ActiveCfg = Debug|Any CPU
		{BEADE2EB-B362-D335-505A-C84928C6FDF9}.Debug|Any CPU.Build.0 = Debug|Any CPU
		{BEADE2EB-B362-D335-505A-C84928C6FDF9}.Debug|x64.ActiveCfg = Debug|Any CPU
		{BEADE2EB-B362-D335-505A-C84928C6FDF9}.Debug|x64.Build.0 = Debug|Any CPU
		{BEADE2EB-B362-D335-505A-C84928C6FDF9}.Debug|x86.ActiveCfg = Debug|Any CPU
		{BEADE2EB-B362-D335-505A-C84928C6FDF9}.Debug|x86.Build.0 = Debug|Any CPU
		{BEADE2EB-B362-D335-505A-C84928C6FDF9}.Release|Any CPU.ActiveCfg = Release|Any CPU
		{BEADE2EB-B362-D335-505A-C84928C6FDF9}.Release|Any CPU.Build.0 = Release|Any CPU
		{BEADE2EB-B362-D335-505A-C84928C6FDF9}.Release|x64.ActiveCfg = Release|Any CPU
		{BEADE2EB-B362-D335-505A-C84928C6FDF9}.Release|x64.Build.0 = Release|Any CPU
		{BEADE2EB-B362-D335-505A-C84928C6FDF9}.Release|x86.ActiveCfg = Release|Any CPU
		{BEADE2EB-B362-D335-505A-C84928C6FDF9}.Release|x86.Build.0 = Release|Any CPU
		{054C9033-A76E-B9DA-F9D8-A068699F08E3}.Debug|Any CPU.ActiveCfg = Debug|Any CPU
		{054C9033-A76E-B9DA-F9D8-A068699F08E3}.Debug|Any CPU.Build.0 = Debug|Any CPU
		{054C9033-A76E-B9DA-F9D8-A068699F08E3}.Debug|x64.ActiveCfg = Debug|Any CPU
		{054C9033-A76E-B9DA-F9D8-A068699F08E3}.Debug|x64.Build.0 = Debug|Any CPU
		{054C9033-A76E-B9DA-F9D8-A068699F08E3}.Debug|x86.ActiveCfg = Debug|Any CPU
		{054C9033-A76E-B9DA-F9D8-A068699F08E3}.Debug|x86.Build.0 = Debug|Any CPU
		{054C9033-A76E-B9DA-F9D8-A068699F08E3}.Release|Any CPU.ActiveCfg = Release|Any CPU
		{054C9033-A76E-B9DA-F9D8-A068699F08E3}.Release|Any CPU.Build.0 = Release|Any CPU
		{054C9033-A76E-B9DA-F9D8-A068699F08E3}.Release|x64.ActiveCfg = Release|Any CPU
		{054C9033-A76E-B9DA-F9D8-A068699F08E3}.Release|x64.Build.0 = Release|Any CPU
		{054C9033-A76E-B9DA-F9D8-A068699F08E3}.Release|x86.ActiveCfg = Release|Any CPU
		{054C9033-A76E-B9DA-F9D8-A068699F08E3}.Release|x86.Build.0 = Release|Any CPU
	EndGlobalSection
	GlobalSection(SolutionProperties) = preSolution
		HideSolutionNode = FALSE
	EndGlobalSection
	GlobalSection(NestedProjects) = preSolution
		{BFD79364-BDBB-4FD9-8246-25DFAF832F0D} = {4C6CD20C-2EAA-471A-84E2-B7428F2AF085}
		{52735DA7-7DBC-41DF-A4AC-74BAE90CB6E7} = {4C6CD20C-2EAA-471A-84E2-B7428F2AF085}
		{6F34EE3C-5591-4EE4-9A2D-8A7E4E31745E} = {4C6CD20C-2EAA-471A-84E2-B7428F2AF085}
		{C387315B-8810-4304-8012-E7DF71234258} = {52735DA7-7DBC-41DF-A4AC-74BAE90CB6E7}
		{2E855892-84AB-4AC9-ADF1-935D506314B3} = {6F34EE3C-5591-4EE4-9A2D-8A7E4E31745E}
		{CA6D0A22-288D-4B6E-89EB-97FC4302076E} = {2E855892-84AB-4AC9-ADF1-935D506314B3}
		{BDBF7E8A-6F71-4FE8-A195-12139ABA5102} = {52735DA7-7DBC-41DF-A4AC-74BAE90CB6E7}
		{E7E175FF-43A3-468A-B3AD-E80749EBEF2C} = {52735DA7-7DBC-41DF-A4AC-74BAE90CB6E7}
		{B12AEDAC-9B0E-4243-ADE8-56E8FAAB58E0} = {52735DA7-7DBC-41DF-A4AC-74BAE90CB6E7}
		{CB52160D-4818-4C25-8D68-9C17D7B86534} = {52735DA7-7DBC-41DF-A4AC-74BAE90CB6E7}
		{D515712E-D62D-4E03-BC58-B0B688D40C49} = {6F34EE3C-5591-4EE4-9A2D-8A7E4E31745E}
		{2ADA7FCE-B47A-4C32-951C-2C6DC8AAD19E} = {D515712E-D62D-4E03-BC58-B0B688D40C49}
		{320175AA-B462-58CD-5087-30D6576D54E2} = {D515712E-D62D-4E03-BC58-B0B688D40C49}
		{89114B11-2396-405A-BF76-CA373E08D353} = {6F34EE3C-5591-4EE4-9A2D-8A7E4E31745E}
		{A35384EB-9877-4589-99B9-D17AA0F30F2C} = {4C6CD20C-2EAA-471A-84E2-B7428F2AF085}
		{DE96607D-7877-99ED-D0C7-E1F8F8BB10E0} = {A35384EB-9877-4589-99B9-D17AA0F30F2C}
		{5F349E9C-F998-4D4B-B4C0-2C3E5D6C97E4} = {6F34EE3C-5591-4EE4-9A2D-8A7E4E31745E}
		{A3F586B8-E407-9F78-4DFD-4E32F2C87D27} = {5F349E9C-F998-4D4B-B4C0-2C3E5D6C97E4}
		{85DF0620-62CB-9023-DB6A-5121A6A43C0D} = {5F349E9C-F998-4D4B-B4C0-2C3E5D6C97E4}
		{2616E9E1-0A64-4D84-6B6D-97DC0F03DA75} = {5F349E9C-F998-4D4B-B4C0-2C3E5D6C97E4}
		{AE7AB52E-D6AD-F35E-2CF7-04AA5E3C9B12} = {5F349E9C-F998-4D4B-B4C0-2C3E5D6C97E4}
		{D87A68F1-F228-47BE-B5EC-1799C8F7494D} = {89114B11-2396-405A-BF76-CA373E08D353}
		{AFC24C4D-6B34-46B8-AD0D-94C35755B2C9} = {89114B11-2396-405A-BF76-CA373E08D353}
		{C1E127B8-1B19-8155-6839-9D6722D0E57C} = {89114B11-2396-405A-BF76-CA373E08D353}
		{57C1DDD1-36B7-4CCC-813F-E7C3A207F7E9} = {5660E694-42A6-48C4-AC4D-A0A59C6907CE}
		{ABA54A83-88DB-4F33-85A7-287E670C5719} = {57C1DDD1-36B7-4CCC-813F-E7C3A207F7E9}
		{E7A29B7E-FAB7-41F3-90BB-5A9AD1C8C065} = {6F34EE3C-5591-4EE4-9A2D-8A7E4E31745E}
		{849E346B-6175-4491-8D72-1EBAD22DEF98} = {E7A29B7E-FAB7-41F3-90BB-5A9AD1C8C065}
		{D59BF957-E992-452B-9766-1B9FA88995F6} = {E7A29B7E-FAB7-41F3-90BB-5A9AD1C8C065}
		{58980404-4C28-49D7-8C9A-4866D3D3E61D} = {E7A29B7E-FAB7-41F3-90BB-5A9AD1C8C065}
		{901C5C9E-E925-8627-03E1-5FA8F1EC2C7F} = {52735DA7-7DBC-41DF-A4AC-74BAE90CB6E7}
		{2C90F36D-68FF-A8F5-B7B3-7BBC0CFE077E} = {89114B11-2396-405A-BF76-CA373E08D353}
		{5FCDC5A4-929C-784B-AC43-59F49AAE756E} = {E7A29B7E-FAB7-41F3-90BB-5A9AD1C8C065}
		{85076267-0D32-4C73-8169-CB5EA1CCCAB1} = {6F34EE3C-5591-4EE4-9A2D-8A7E4E31745E}
		{6A18CE57-6776-4417-9197-43EACAB3154A} = {85076267-0D32-4C73-8169-CB5EA1CCCAB1}
		{22F1AEB7-F543-4518-A9C2-974731289783} = {85076267-0D32-4C73-8169-CB5EA1CCCAB1}
		{420C17D5-34CB-4D6D-99B6-C59699956252} = {85076267-0D32-4C73-8169-CB5EA1CCCAB1}
		{7AC8279A-2D27-2B0A-4639-E8070E8CB2E3} = {85076267-0D32-4C73-8169-CB5EA1CCCAB1}
		{D2040D47-DFAA-36DD-11C4-6FE1DCD5E459} = {BFD79364-BDBB-4FD9-8246-25DFAF832F0D}
		{3115D11E-2BAD-4360-8561-BCC58CB2F0B4} = {6F34EE3C-5591-4EE4-9A2D-8A7E4E31745E}
		{A4093E37-A495-4B63-84B9-6B91F765E540} = {3115D11E-2BAD-4360-8561-BCC58CB2F0B4}
		{A15740AF-B773-4439-B418-C9D2505D9BE3} = {3115D11E-2BAD-4360-8561-BCC58CB2F0B4}
		{88BE6F27-CD31-4FBC-B321-3F9F0EC34465} = {3115D11E-2BAD-4360-8561-BCC58CB2F0B4}
		{7C58FD8B-E82B-4C10-90A5-385FBE3AB858} = {3115D11E-2BAD-4360-8561-BCC58CB2F0B4}
		{705E95BA-4AEA-4C1D-B24A-7FB6B467DD80} = {6F34EE3C-5591-4EE4-9A2D-8A7E4E31745E}
		{1DDA0B4B-2666-4023-A47E-E26317711FFB} = {705E95BA-4AEA-4C1D-B24A-7FB6B467DD80}
		{41AFF2C5-FB1E-4A8E-A448-0A7AC41A53E3} = {705E95BA-4AEA-4C1D-B24A-7FB6B467DD80}
		{A8C1F40F-0D29-40D8-B608-6AB602BA06C4} = {705E95BA-4AEA-4C1D-B24A-7FB6B467DD80}
		{A15B1D0F-E114-4F0F-9DA8-CA4A0BB67B3F} = {705E95BA-4AEA-4C1D-B24A-7FB6B467DD80}
		{A7DE2488-92AC-4D26-A532-5B39A252C7DC} = {6F34EE3C-5591-4EE4-9A2D-8A7E4E31745E}
		{AEE25A3C-8012-4B94-B191-9147CD97FEE7} = {A7DE2488-92AC-4D26-A532-5B39A252C7DC}
		{3B98BC2D-EC56-420C-AA1C-DF32C11D5011} = {A7DE2488-92AC-4D26-A532-5B39A252C7DC}
		{CCBFC811-A4BE-41CF-AD2B-8C7035684E14} = {A7DE2488-92AC-4D26-A532-5B39A252C7DC}
		{F3653858-F43F-B792-96FE-AF7CF5CCE8C8} = {A7DE2488-92AC-4D26-A532-5B39A252C7DC}
		{09CEDE70-A88B-18D0-A3BE-FBEDFC13B954} = {6F34EE3C-5591-4EE4-9A2D-8A7E4E31745E}
		{6397790F-B272-456A-821D-6ADBEB666729} = {09CEDE70-A88B-18D0-A3BE-FBEDFC13B954}
		{C95B7C64-740E-4592-A6CC-D447C4BA9C67} = {09CEDE70-A88B-18D0-A3BE-FBEDFC13B954}
		{F08A8200-2F5F-411D-B703-F39232CEB9F3} = {09CEDE70-A88B-18D0-A3BE-FBEDFC13B954}
		{A6F1A63F-941F-4277-84D9-ADE7356F5293} = {09CEDE70-A88B-18D0-A3BE-FBEDFC13B954}
		{097190E2-867B-4D6A-A398-65CC13023D94} = {6F34EE3C-5591-4EE4-9A2D-8A7E4E31745E}
		{003CA938-DF3F-7615-08FD-77B68BD69823} = {097190E2-867B-4D6A-A398-65CC13023D94}
		{7E878195-EE3A-14CE-AF0C-22C265E75CD9} = {097190E2-867B-4D6A-A398-65CC13023D94}
		{62F65B05-7512-9904-5B27-F1CE0D9B842F} = {097190E2-867B-4D6A-A398-65CC13023D94}
		{BEADE2EB-B362-D335-505A-C84928C6FDF9} = {52735DA7-7DBC-41DF-A4AC-74BAE90CB6E7}
		{054C9033-A76E-B9DA-F9D8-A068699F08E3} = {89114B11-2396-405A-BF76-CA373E08D353}
	EndGlobalSection
	GlobalSection(ExtensibilityGlobals) = postSolution
		SolutionGuid = {87AF758F-BC59-4BCE-9F05-8C198F638209}
	EndGlobalSection
EndGlobal
